// !$*UTF8*$!
{
	archiveVersion = 1;
	classes = {
	};
	objectVersion = 51;
	objects = {

/* Begin PBXBuildFile section */
		0D0308DC2669373F00E56724 /* ProductDetailsViewModel.swift in Sources */ = {isa = PBXBuildFile; fileRef = 0D0308DB2669373F00E56724 /* ProductDetailsViewModel.swift */; };
		0D090F212666151600E74B52 /* productDetails.storyboard in Resources */ = {isa = PBXBuildFile; fileRef = C27423DE265AEAB5002D304B /* productDetails.storyboard */; };
		0D14F112266C47BC006AD092 /* ProductDetailsContracts.swift in Sources */ = {isa = PBXBuildFile; fileRef = 0D14F111266C47BC006AD092 /* ProductDetailsContracts.swift */; };
		0D14F117266C4930006AD092 /* ImageCollectionViewCell.swift in Sources */ = {isa = PBXBuildFile; fileRef = 0D14F115266C4930006AD092 /* ImageCollectionViewCell.swift */; };
		0D14F118266C4930006AD092 /* ImageCollectionViewCell.xib in Resources */ = {isa = PBXBuildFile; fileRef = 0D14F116266C4930006AD092 /* ImageCollectionViewCell.xib */; };
		0D14F11C266C4B61006AD092 /* SizeCollectionViewCell.swift in Sources */ = {isa = PBXBuildFile; fileRef = 0D14F11A266C4B61006AD092 /* SizeCollectionViewCell.swift */; };
		0D14F11D266C4B61006AD092 /* SizeCollectionViewCell.xib in Resources */ = {isa = PBXBuildFile; fileRef = 0D14F11B266C4B61006AD092 /* SizeCollectionViewCell.xib */; };
		0D3A83112678A2D300B65ACA /* ColorSizeViewController.swift in Sources */ = {isa = PBXBuildFile; fileRef = 0D3A83102678A2D300B65ACA /* ColorSizeViewController.swift */; };
		0D77D2F026677C7000FFA908 /* ColorViewCollectionViewCell.swift in Sources */ = {isa = PBXBuildFile; fileRef = 0D77D2EE26677C7000FFA908 /* ColorViewCollectionViewCell.swift */; };
		0D77D2F126677C7000FFA908 /* ColorViewCollectionViewCell.xib in Resources */ = {isa = PBXBuildFile; fileRef = 0D77D2EF26677C7000FFA908 /* ColorViewCollectionViewCell.xib */; };
		0D864DA6266565F5008474FE /* ProductDetailsTableViewController.swift in Sources */ = {isa = PBXBuildFile; fileRef = 0D864DA5266565F5008474FE /* ProductDetailsTableViewController.swift */; };
		0D9E50EA266CC14600017EE6 /* LocalManager.swift in Sources */ = {isa = PBXBuildFile; fileRef = 0D9E50E9266CC14600017EE6 /* LocalManager.swift */; };
		0DED0666267E720400D41982 /* ProductDetailsVMTests.swift in Sources */ = {isa = PBXBuildFile; fileRef = 0DED0665267E720400D41982 /* ProductDetailsVMTests.swift */; };
		0DED0668267E913700D41982 /* MockProductDetailsAPI.swift in Sources */ = {isa = PBXBuildFile; fileRef = 0DED0667267E913700D41982 /* MockProductDetailsAPI.swift */; };
		0DF91A13267498F400E7D6B7 /* RightNavBarView.swift in Sources */ = {isa = PBXBuildFile; fileRef = 0DF91A12267498F400E7D6B7 /* RightNavBarView.swift */; };
		0DF91A152674990200E7D6B7 /* RightNavBarView.xib in Resources */ = {isa = PBXBuildFile; fileRef = 0DF91A142674990200E7D6B7 /* RightNavBarView.xib */; };
		0DFFB919267DEE5E005054BA /* ProductDetailsTests.swift in Sources */ = {isa = PBXBuildFile; fileRef = 0DFFB918267DEE5E005054BA /* ProductDetailsTests.swift */; };
		2233A5199A5D5E90DBA5D3F0 /* Pods_Shopify_e_commerceTests.framework in Frameworks */ = {isa = PBXBuildFile; fileRef = 241DCD4517229F4D795A6565 /* Pods_Shopify_e_commerceTests.framework */; };
		34B6F34AD82B2CBC720E8731 /* Pods_Shopify_e_commerce.framework in Frameworks */ = {isa = PBXBuildFile; fileRef = B2D64D5343D0B47711A1179C /* Pods_Shopify_e_commerce.framework */; };
		431C85A4266AF1C300CB6886 /* discountCode.swift in Sources */ = {isa = PBXBuildFile; fileRef = 431C85A3266AF1C300CB6886 /* discountCode.swift */; };
		431C85AB266AF1FE00CB6886 /* CardViewController.swift in Sources */ = {isa = PBXBuildFile; fileRef = 431C85A7266AF1FD00CB6886 /* CardViewController.swift */; };
		431C85AD266AF1FE00CB6886 /* wishListViewController.swift in Sources */ = {isa = PBXBuildFile; fileRef = 431C85A9266AF1FD00CB6886 /* wishListViewController.swift */; };
		431C85AE266AF1FE00CB6886 /* shopCollectionViewCell.swift in Sources */ = {isa = PBXBuildFile; fileRef = 431C85AA266AF1FD00CB6886 /* shopCollectionViewCell.swift */; };
		4363D52B267D6D5E003D39C5 /* allProduct.swift in Sources */ = {isa = PBXBuildFile; fileRef = 4363D52A267D6D5E003D39C5 /* allProduct.swift */; };
		4363D52D267D74ED003D39C5 /* shopProduct.swift in Sources */ = {isa = PBXBuildFile; fileRef = 4363D52C267D74ED003D39C5 /* shopProduct.swift */; };
		4363D536267DA246003D39C5 /* shopProductExpection.swift in Sources */ = {isa = PBXBuildFile; fileRef = 4363D535267DA246003D39C5 /* shopProductExpection.swift */; };
		4363D538267DB7D4003D39C5 /* address.swift in Sources */ = {isa = PBXBuildFile; fileRef = 4363D537267DB7D4003D39C5 /* address.swift */; };
		4363D53A267DBC43003D39C5 /* cart.swift in Sources */ = {isa = PBXBuildFile; fileRef = 4363D539267DBC43003D39C5 /* cart.swift */; };
		4363D53C267DC1CB003D39C5 /* localObj.swift in Sources */ = {isa = PBXBuildFile; fileRef = 4363D53B267DC1CB003D39C5 /* localObj.swift */; };
		4363D53E267DC5C7003D39C5 /* wishList.swift in Sources */ = {isa = PBXBuildFile; fileRef = 4363D53D267DC5C7003D39C5 /* wishList.swift */; };
		43665B7F267998720089B556 /* addressViewController.swift in Sources */ = {isa = PBXBuildFile; fileRef = 43665B7E267998720089B556 /* addressViewController.swift */; };
		43665B82267998960089B556 /* addAddressViewController.swift in Sources */ = {isa = PBXBuildFile; fileRef = 43665B81267998960089B556 /* addAddressViewController.swift */; };
		43665B84267998C10089B556 /* addressTableViewCell.swift in Sources */ = {isa = PBXBuildFile; fileRef = 43665B83267998C10089B556 /* addressTableViewCell.swift */; };
		43665B872679B8A30089B556 /* addressViewModel.swift in Sources */ = {isa = PBXBuildFile; fileRef = 43665B862679B8A30089B556 /* addressViewModel.swift */; };
		4366FD0B266C8890006E4D1B /* wishListCollectionViewCell.swift in Sources */ = {isa = PBXBuildFile; fileRef = 4366FD0A266C8890006E4D1B /* wishListCollectionViewCell.swift */; };
		4366FD0D266C9F5E006E4D1B /* cartTableViewCell.swift in Sources */ = {isa = PBXBuildFile; fileRef = 4366FD0C266C9F5E006E4D1B /* cartTableViewCell.swift */; };
		4369132F266ECF7700BA0632 /* wishListViewModel.swift in Sources */ = {isa = PBXBuildFile; fileRef = 4369132E266ECF7700BA0632 /* wishListViewModel.swift */; };
		43691332266ECFAB00BA0632 /* cartViewModel.swift in Sources */ = {isa = PBXBuildFile; fileRef = 43691331266ECFAB00BA0632 /* cartViewModel.swift */; };
		436913372671987400BA0632 /* mainCategoriesCollectionViewCell.swift in Sources */ = {isa = PBXBuildFile; fileRef = 436913352671987400BA0632 /* mainCategoriesCollectionViewCell.swift */; };
		436913382671987400BA0632 /* mainCategoriesCollectionViewCell.xib in Resources */ = {isa = PBXBuildFile; fileRef = 436913362671987400BA0632 /* mainCategoriesCollectionViewCell.xib */; };
		436A29FD2672F82C0044B5DA /* receiptViewController.swift in Sources */ = {isa = PBXBuildFile; fileRef = 436A29FC2672F82C0044B5DA /* receiptViewController.swift */; };
		436A2A002672FAB60044B5DA /* receiptProductCollectionViewCell.swift in Sources */ = {isa = PBXBuildFile; fileRef = 436A29FE2672FAB60044B5DA /* receiptProductCollectionViewCell.swift */; };
		436A2A012672FAB60044B5DA /* receiptProductCollectionViewCell.xib in Resources */ = {isa = PBXBuildFile; fileRef = 436A29FF2672FAB60044B5DA /* receiptProductCollectionViewCell.xib */; };
		436A2A0426735E910044B5DA /* receiptViewModel.swift in Sources */ = {isa = PBXBuildFile; fileRef = 436A2A0326735E910044B5DA /* receiptViewModel.swift */; };
		436A2A062673FD150044B5DA /* applyCouponsViewController.swift in Sources */ = {isa = PBXBuildFile; fileRef = 436A2A052673FD150044B5DA /* applyCouponsViewController.swift */; };
		436A2A0D267409240044B5DA /* couponsStateCollectionViewCell.swift in Sources */ = {isa = PBXBuildFile; fileRef = 436A2A0B267409240044B5DA /* couponsStateCollectionViewCell.swift */; };
		436A2A1026745AD50044B5DA /* availableCouponTableViewCell.swift in Sources */ = {isa = PBXBuildFile; fileRef = 436A2A0F26745AD50044B5DA /* availableCouponTableViewCell.swift */; };
		436A2A1426748E810044B5DA /* applyCouponViewModel.swift in Sources */ = {isa = PBXBuildFile; fileRef = 436A2A1326748E810044B5DA /* applyCouponViewModel.swift */; };
		436A2A172674BB480044B5DA /* NotAvailableTableViewCell.swift in Sources */ = {isa = PBXBuildFile; fileRef = 436A2A152674BB480044B5DA /* NotAvailableTableViewCell.swift */; };
		436A2A182674BB480044B5DA /* NotAvailableTableViewCell.xib in Resources */ = {isa = PBXBuildFile; fileRef = 436A2A162674BB480044B5DA /* NotAvailableTableViewCell.xib */; };
		438DED8C265CCCCA002717CD /* shopViewController.swift in Sources */ = {isa = PBXBuildFile; fileRef = 438DED8B265CCCCA002717CD /* shopViewController.swift */; };
		438DED8F265CCD26002717CD /* shopViewModel.swift in Sources */ = {isa = PBXBuildFile; fileRef = 438DED8E265CCD26002717CD /* shopViewModel.swift */; };
		439BB315265E6990001F1A1D /* AllProduct.swift in Sources */ = {isa = PBXBuildFile; fileRef = 439BB314265E6990001F1A1D /* AllProduct.swift */; };
		439BB317265E81FB001F1A1D /* productProtocol.swift in Sources */ = {isa = PBXBuildFile; fileRef = 439BB316265E81FB001F1A1D /* productProtocol.swift */; };
		43C4B24E26782A72007D0D3E /* 629-empty-box.json in Resources */ = {isa = PBXBuildFile; fileRef = 43C4B24B26782A72007D0D3E /* 629-empty-box.json */; };
		43C4B24F26782A72007D0D3E /* 3617-shopping-bag-error.json in Resources */ = {isa = PBXBuildFile; fileRef = 43C4B24C26782A72007D0D3E /* 3617-shopping-bag-error.json */; };
		43C4B25026782A72007D0D3E /* 42176-empty-cart.json in Resources */ = {isa = PBXBuildFile; fileRef = 43C4B24D26782A72007D0D3E /* 42176-empty-cart.json */; };
		C20420EB265DB20600F4A70B /* ProductsCollectionViewCell.swift in Sources */ = {isa = PBXBuildFile; fileRef = C20420E9265DB20600F4A70B /* ProductsCollectionViewCell.swift */; };
		C20420EC265DB20600F4A70B /* ProductsCollectionViewCell.xib in Resources */ = {isa = PBXBuildFile; fileRef = C20420EA265DB20600F4A70B /* ProductsCollectionViewCell.xib */; };
		C234155A266BB34F00D2AB67 /* Main.storyboard in Resources */ = {isa = PBXBuildFile; fileRef = C2341559266BB34F00D2AB67 /* Main.storyboard */; };
		C234155C266BB68B00D2AB67 /* ProductDetailsModel.swift in Sources */ = {isa = PBXBuildFile; fileRef = C234155B266BB68A00D2AB67 /* ProductDetailsModel.swift */; };
		C244CB11267F6ED0006F67DF /* FavouriteTableViewCell.swift in Sources */ = {isa = PBXBuildFile; fileRef = C244CB10267F6ED0006F67DF /* FavouriteTableViewCell.swift */; };
		C25212FB26721A8C0028E57C /* RegisterViewModel.swift in Sources */ = {isa = PBXBuildFile; fileRef = C25212FA26721A8C0028E57C /* RegisterViewModel.swift */; };
		C25212FD267226C50028E57C /* MeAPIContracts.swift in Sources */ = {isa = PBXBuildFile; fileRef = C25212FC267226C50028E57C /* MeAPIContracts.swift */; };
		C252D11626693ADD001691DB /* AllProductsModel.swift in Sources */ = {isa = PBXBuildFile; fileRef = C252D11526693ADD001691DB /* AllProductsModel.swift */; };
		C26E7C29266625EE000CB417 /* ProductModels.swift in Sources */ = {isa = PBXBuildFile; fileRef = C26E7C28266625EE000CB417 /* ProductModels.swift */; };
		C26E7C2B26662FB2000CB417 /* CategoryAPIContract.swift in Sources */ = {isa = PBXBuildFile; fileRef = C26E7C2A26662FB2000CB417 /* CategoryAPIContract.swift */; };
		C26E7C2D26664714000CB417 /* BaseViewControllerContract.swift in Sources */ = {isa = PBXBuildFile; fileRef = C26E7C2C26664714000CB417 /* BaseViewControllerContract.swift */; };
		C26EEF9F267A46EE007522BC /* OrderTableViewCell.swift in Sources */ = {isa = PBXBuildFile; fileRef = C26EEF9E267A46EE007522BC /* OrderTableViewCell.swift */; };
		C26EEFA1267A5169007522BC /* SingleOrderTableViewCell.swift in Sources */ = {isa = PBXBuildFile; fileRef = C26EEFA0267A5169007522BC /* SingleOrderTableViewCell.swift */; };
		C26EEFA3267A5283007522BC /* OrderViewController.swift in Sources */ = {isa = PBXBuildFile; fileRef = C26EEFA2267A5283007522BC /* OrderViewController.swift */; };
		C27423DB265AEA67002D304B /* shop.storyboard in Resources */ = {isa = PBXBuildFile; fileRef = C27423DA265AEA67002D304B /* shop.storyboard */; };
		C27423DD265AEA96002D304B /* category.storyboard in Resources */ = {isa = PBXBuildFile; fileRef = C27423DC265AEA96002D304B /* category.storyboard */; };
		C27423DF265AEAB5002D304B /* productDetails.storyboard in Resources */ = {isa = PBXBuildFile; fileRef = C27423DE265AEAB5002D304B /* productDetails.storyboard */; };
		C27423E1265AED36002D304B /* meScreen.storyboard in Resources */ = {isa = PBXBuildFile; fileRef = C27423E0265AED36002D304B /* meScreen.storyboard */; };
		C27423E7265AF11A002D304B /* ApplicationNetworking.swift in Sources */ = {isa = PBXBuildFile; fileRef = C27423E6265AF11A002D304B /* ApplicationNetworking.swift */; };
		C27423E9265AF4FE002D304B /* ShopifyAPI.swift in Sources */ = {isa = PBXBuildFile; fileRef = C27423E8265AF4FE002D304B /* ShopifyAPI.swift */; };
		C2A61CEA265633200047C648 /* AppDelegate.swift in Sources */ = {isa = PBXBuildFile; fileRef = C2A61CE9265633200047C648 /* AppDelegate.swift */; };
		C2A61CEC265633200047C648 /* SceneDelegate.swift in Sources */ = {isa = PBXBuildFile; fileRef = C2A61CEB265633200047C648 /* SceneDelegate.swift */; };
		C2A61CF4265633200047C648 /* Shopify_e_commerce.xcdatamodeld in Sources */ = {isa = PBXBuildFile; fileRef = C2A61CF2265633200047C648 /* Shopify_e_commerce.xcdatamodeld */; };
		C2A61CF6265633220047C648 /* Assets.xcassets in Resources */ = {isa = PBXBuildFile; fileRef = C2A61CF5265633220047C648 /* Assets.xcassets */; };
		C2A61CF9265633220047C648 /* LaunchScreen.storyboard in Resources */ = {isa = PBXBuildFile; fileRef = C2A61CF7265633220047C648 /* LaunchScreen.storyboard */; };
		C2A61D04265633230047C648 /* Shopify_e_commerceTests.swift in Sources */ = {isa = PBXBuildFile; fileRef = C2A61D03265633230047C648 /* Shopify_e_commerceTests.swift */; };
		C2A61D0F265633230047C648 /* Shopify_e_commerceUITests.swift in Sources */ = {isa = PBXBuildFile; fileRef = C2A61D0E265633230047C648 /* Shopify_e_commerceUITests.swift */; };
		C2A61D20265637530047C648 /* TargetType.swift in Sources */ = {isa = PBXBuildFile; fileRef = C2A61D1E265637530047C648 /* TargetType.swift */; };
		C2A61D21265637530047C648 /* BaseAPI.swift in Sources */ = {isa = PBXBuildFile; fileRef = C2A61D1F265637530047C648 /* BaseAPI.swift */; };
		C2A61D252656378A0047C648 /* Utils.swift in Sources */ = {isa = PBXBuildFile; fileRef = C2A61D232656378A0047C648 /* Utils.swift */; };
		C2A61D262656378A0047C648 /* Constants.swift in Sources */ = {isa = PBXBuildFile; fileRef = C2A61D242656378A0047C648 /* Constants.swift */; };
		C2A8A235266757E700D9CBBA /* SearchProductViewController.swift in Sources */ = {isa = PBXBuildFile; fileRef = C2A8A234266757E700D9CBBA /* SearchProductViewController.swift */; };
		C2A8A2382667754D00D9CBBA /* SearchViewModel.swift in Sources */ = {isa = PBXBuildFile; fileRef = C2A8A2372667754D00D9CBBA /* SearchViewModel.swift */; };
		C2E5E8F726738964005B41FD /* EditInfoViewModel.swift in Sources */ = {isa = PBXBuildFile; fileRef = C2E5E8F626738964005B41FD /* EditInfoViewModel.swift */; };
		C2E83A48265C37E900A2CD95 /* CategoryViewController.swift in Sources */ = {isa = PBXBuildFile; fileRef = C2E83A47265C37E900A2CD95 /* CategoryViewController.swift */; };
		C2E83A4D265CAA9000A2CD95 /* MainCategoryCollectionViewCell.swift in Sources */ = {isa = PBXBuildFile; fileRef = C2E83A4B265CAA9000A2CD95 /* MainCategoryCollectionViewCell.swift */; };
		C2E83A4E265CAA9000A2CD95 /* MainCategoryCollectionViewCell.xib in Resources */ = {isa = PBXBuildFile; fileRef = C2E83A4C265CAA9000A2CD95 /* MainCategoryCollectionViewCell.xib */; };
		C2E83A51265CE1A000A2CD95 /* CategoryViewModel.swift in Sources */ = {isa = PBXBuildFile; fileRef = C2E83A50265CE1A000A2CD95 /* CategoryViewModel.swift */; };
		C2E83A54265CE24500A2CD95 /* BaseViewModel.swift in Sources */ = {isa = PBXBuildFile; fileRef = C2E83A53265CE24500A2CD95 /* BaseViewModel.swift */; };
		C2E83A56265CE28900A2CD95 /* ViewModelContracts.swift in Sources */ = {isa = PBXBuildFile; fileRef = C2E83A55265CE28900A2CD95 /* ViewModelContracts.swift */; };
		C2E83A59265CF13900A2CD95 /* SubCategoryCollectionViewCell.swift in Sources */ = {isa = PBXBuildFile; fileRef = C2E83A57265CF13900A2CD95 /* SubCategoryCollectionViewCell.swift */; };
		C2E83A5A265CF13900A2CD95 /* SubCategoryCollectionViewCell.xib in Resources */ = {isa = PBXBuildFile; fileRef = C2E83A58265CF13900A2CD95 /* SubCategoryCollectionViewCell.xib */; };
		C2F83676267E8AFE008A6C7F /* CategoriesTests.swift in Sources */ = {isa = PBXBuildFile; fileRef = C2F83675267E8AFE008A6C7F /* CategoriesTests.swift */; };
		C2F8367B267E8F3A008A6C7F /* MockCategoryAPI.swift in Sources */ = {isa = PBXBuildFile; fileRef = C2F8367A267E8F3A008A6C7F /* MockCategoryAPI.swift */; };
		C2F8367E267EA19A008A6C7F /* MochkingManager.swift in Sources */ = {isa = PBXBuildFile; fileRef = C2F8367D267EA19A008A6C7F /* MochkingManager.swift */; };
		C2F83680267EA1C4008A6C7F /* MeViewModelTest.swift in Sources */ = {isa = PBXBuildFile; fileRef = C2F8367F267EA1C4008A6C7F /* MeViewModelTest.swift */; };
		C2F83682267EA1F6008A6C7F /* LocalModelTest.swift in Sources */ = {isa = PBXBuildFile; fileRef = C2F83681267EA1F6008A6C7F /* LocalModelTest.swift */; };
		C2F83684267EA23C008A6C7F /* RegisterScreenTest.swift in Sources */ = {isa = PBXBuildFile; fileRef = C2F83683267EA23C008A6C7F /* RegisterScreenTest.swift */; };
		ED00A30E265BC1D70017B055 /* MeViewController.swift in Sources */ = {isa = PBXBuildFile; fileRef = ED00A30D265BC1D70017B055 /* MeViewController.swift */; };
		ED00A310265CB5970017B055 /* SettingsViewController.swift in Sources */ = {isa = PBXBuildFile; fileRef = ED00A30F265CB5970017B055 /* SettingsViewController.swift */; };
		ED0D2A60266F49B5009A6026 /* EditIngViewController.swift in Sources */ = {isa = PBXBuildFile; fileRef = ED0D2A5F266F49B5009A6026 /* EditIngViewController.swift */; };
		ED440F7D266301A400B31D23 /* UserData.swift in Sources */ = {isa = PBXBuildFile; fileRef = ED440F7C266301A400B31D23 /* UserData.swift */; };
		ED53D1CE266BC954002E6083 /* MeViewModel.swift in Sources */ = {isa = PBXBuildFile; fileRef = ED53D1CD266BC954002E6083 /* MeViewModel.swift */; };
		ED76EF7E2669C3B600F32C7B /* RegisterCustomer.swift in Sources */ = {isa = PBXBuildFile; fileRef = ED76EF7D2669C3B600F32C7B /* RegisterCustomer.swift */; };
		EDAD3091266E77F600B9D247 /* AboutUsViewController.swift in Sources */ = {isa = PBXBuildFile; fileRef = EDAD3090266E77F600B9D247 /* AboutUsViewController.swift */; };
		EDE5840126640D1800580942 /* RegisterViewController.swift in Sources */ = {isa = PBXBuildFile; fileRef = EDE5840026640D1800580942 /* RegisterViewController.swift */; };
		F4CDB09DC9B1BA2E976C1CB0 /* Pods_Shopify_e_commerce_Shopify_e_commerceUITests.framework in Frameworks */ = {isa = PBXBuildFile; fileRef = 6DFB7EEB377C4904666E17FA /* Pods_Shopify_e_commerce_Shopify_e_commerceUITests.framework */; };
/* End PBXBuildFile section */

/* Begin PBXContainerItemProxy section */
		C2A61D00265633230047C648 /* PBXContainerItemProxy */ = {
			isa = PBXContainerItemProxy;
			containerPortal = C2A61CDE265633200047C648 /* Project object */;
			proxyType = 1;
			remoteGlobalIDString = C2A61CE5265633200047C648;
			remoteInfo = "Shopify e-commerce";
		};
		C2A61D0B265633230047C648 /* PBXContainerItemProxy */ = {
			isa = PBXContainerItemProxy;
			containerPortal = C2A61CDE265633200047C648 /* Project object */;
			proxyType = 1;
			remoteGlobalIDString = C2A61CE5265633200047C648;
			remoteInfo = "Shopify e-commerce";
		};
/* End PBXContainerItemProxy section */

/* Begin PBXFileReference section */
		0D0308DB2669373F00E56724 /* ProductDetailsViewModel.swift */ = {isa = PBXFileReference; lastKnownFileType = sourcecode.swift; path = ProductDetailsViewModel.swift; sourceTree = "<group>"; };
		0D14F111266C47BC006AD092 /* ProductDetailsContracts.swift */ = {isa = PBXFileReference; lastKnownFileType = sourcecode.swift; path = ProductDetailsContracts.swift; sourceTree = "<group>"; };
		0D14F115266C4930006AD092 /* ImageCollectionViewCell.swift */ = {isa = PBXFileReference; lastKnownFileType = sourcecode.swift; path = ImageCollectionViewCell.swift; sourceTree = "<group>"; };
		0D14F116266C4930006AD092 /* ImageCollectionViewCell.xib */ = {isa = PBXFileReference; lastKnownFileType = file.xib; path = ImageCollectionViewCell.xib; sourceTree = "<group>"; };
		0D14F11A266C4B61006AD092 /* SizeCollectionViewCell.swift */ = {isa = PBXFileReference; lastKnownFileType = sourcecode.swift; path = SizeCollectionViewCell.swift; sourceTree = "<group>"; };
		0D14F11B266C4B61006AD092 /* SizeCollectionViewCell.xib */ = {isa = PBXFileReference; lastKnownFileType = file.xib; path = SizeCollectionViewCell.xib; sourceTree = "<group>"; };
		0D3A83102678A2D300B65ACA /* ColorSizeViewController.swift */ = {isa = PBXFileReference; lastKnownFileType = sourcecode.swift; name = ColorSizeViewController.swift; path = "Shopify e-commerce/views/shop screen/ColorSizeViewController.swift"; sourceTree = SOURCE_ROOT; };
		0D77D2EE26677C7000FFA908 /* ColorViewCollectionViewCell.swift */ = {isa = PBXFileReference; lastKnownFileType = sourcecode.swift; path = ColorViewCollectionViewCell.swift; sourceTree = "<group>"; };
		0D77D2EF26677C7000FFA908 /* ColorViewCollectionViewCell.xib */ = {isa = PBXFileReference; lastKnownFileType = file.xib; path = ColorViewCollectionViewCell.xib; sourceTree = "<group>"; };
		0D864DA5266565F5008474FE /* ProductDetailsTableViewController.swift */ = {isa = PBXFileReference; lastKnownFileType = sourcecode.swift; path = ProductDetailsTableViewController.swift; sourceTree = "<group>"; };
		0D9E50E9266CC14600017EE6 /* LocalManager.swift */ = {isa = PBXFileReference; lastKnownFileType = sourcecode.swift; path = LocalManager.swift; sourceTree = "<group>"; };
		0DED0665267E720400D41982 /* ProductDetailsVMTests.swift */ = {isa = PBXFileReference; lastKnownFileType = sourcecode.swift; path = ProductDetailsVMTests.swift; sourceTree = "<group>"; };
		0DED0667267E913700D41982 /* MockProductDetailsAPI.swift */ = {isa = PBXFileReference; lastKnownFileType = sourcecode.swift; path = MockProductDetailsAPI.swift; sourceTree = "<group>"; };
		0DF91A12267498F400E7D6B7 /* RightNavBarView.swift */ = {isa = PBXFileReference; lastKnownFileType = sourcecode.swift; path = RightNavBarView.swift; sourceTree = "<group>"; };
		0DF91A142674990200E7D6B7 /* RightNavBarView.xib */ = {isa = PBXFileReference; lastKnownFileType = file.xib; path = RightNavBarView.xib; sourceTree = "<group>"; };
		0DFFB918267DEE5E005054BA /* ProductDetailsTests.swift */ = {isa = PBXFileReference; lastKnownFileType = sourcecode.swift; path = ProductDetailsTests.swift; sourceTree = "<group>"; };
		241DCD4517229F4D795A6565 /* Pods_Shopify_e_commerceTests.framework */ = {isa = PBXFileReference; explicitFileType = wrapper.framework; includeInIndex = 0; path = Pods_Shopify_e_commerceTests.framework; sourceTree = BUILT_PRODUCTS_DIR; };
		3457CB85F7732A62091C709A /* Pods-Shopify e-commerce.release.xcconfig */ = {isa = PBXFileReference; includeInIndex = 1; lastKnownFileType = text.xcconfig; name = "Pods-Shopify e-commerce.release.xcconfig"; path = "Target Support Files/Pods-Shopify e-commerce/Pods-Shopify e-commerce.release.xcconfig"; sourceTree = "<group>"; };
		431C85A3266AF1C300CB6886 /* discountCode.swift */ = {isa = PBXFileReference; fileEncoding = 4; lastKnownFileType = sourcecode.swift; path = discountCode.swift; sourceTree = "<group>"; };
		431C85A7266AF1FD00CB6886 /* CardViewController.swift */ = {isa = PBXFileReference; fileEncoding = 4; lastKnownFileType = sourcecode.swift; path = CardViewController.swift; sourceTree = "<group>"; };
		431C85A9266AF1FD00CB6886 /* wishListViewController.swift */ = {isa = PBXFileReference; fileEncoding = 4; lastKnownFileType = sourcecode.swift; path = wishListViewController.swift; sourceTree = "<group>"; };
		431C85AA266AF1FD00CB6886 /* shopCollectionViewCell.swift */ = {isa = PBXFileReference; fileEncoding = 4; lastKnownFileType = sourcecode.swift; path = shopCollectionViewCell.swift; sourceTree = "<group>"; };
		4363D52A267D6D5E003D39C5 /* allProduct.swift */ = {isa = PBXFileReference; lastKnownFileType = sourcecode.swift; path = allProduct.swift; sourceTree = "<group>"; };
		4363D52C267D74ED003D39C5 /* shopProduct.swift */ = {isa = PBXFileReference; lastKnownFileType = sourcecode.swift; path = shopProduct.swift; sourceTree = "<group>"; };
		4363D535267DA246003D39C5 /* shopProductExpection.swift */ = {isa = PBXFileReference; lastKnownFileType = sourcecode.swift; path = shopProductExpection.swift; sourceTree = "<group>"; };
		4363D537267DB7D4003D39C5 /* address.swift */ = {isa = PBXFileReference; lastKnownFileType = sourcecode.swift; path = address.swift; sourceTree = "<group>"; };
		4363D539267DBC43003D39C5 /* cart.swift */ = {isa = PBXFileReference; lastKnownFileType = sourcecode.swift; path = cart.swift; sourceTree = "<group>"; };
		4363D53B267DC1CB003D39C5 /* localObj.swift */ = {isa = PBXFileReference; lastKnownFileType = sourcecode.swift; path = localObj.swift; sourceTree = "<group>"; };
		4363D53D267DC5C7003D39C5 /* wishList.swift */ = {isa = PBXFileReference; lastKnownFileType = sourcecode.swift; path = wishList.swift; sourceTree = "<group>"; };
		43665B7E267998720089B556 /* addressViewController.swift */ = {isa = PBXFileReference; lastKnownFileType = sourcecode.swift; path = addressViewController.swift; sourceTree = "<group>"; };
		43665B81267998960089B556 /* addAddressViewController.swift */ = {isa = PBXFileReference; lastKnownFileType = sourcecode.swift; path = addAddressViewController.swift; sourceTree = "<group>"; };
		43665B83267998C10089B556 /* addressTableViewCell.swift */ = {isa = PBXFileReference; lastKnownFileType = sourcecode.swift; path = addressTableViewCell.swift; sourceTree = "<group>"; };
		43665B862679B8A30089B556 /* addressViewModel.swift */ = {isa = PBXFileReference; lastKnownFileType = sourcecode.swift; path = addressViewModel.swift; sourceTree = "<group>"; };
		4366FD0A266C8890006E4D1B /* wishListCollectionViewCell.swift */ = {isa = PBXFileReference; lastKnownFileType = sourcecode.swift; path = wishListCollectionViewCell.swift; sourceTree = "<group>"; };
		4366FD0C266C9F5E006E4D1B /* cartTableViewCell.swift */ = {isa = PBXFileReference; lastKnownFileType = sourcecode.swift; path = cartTableViewCell.swift; sourceTree = "<group>"; };
		4369132E266ECF7700BA0632 /* wishListViewModel.swift */ = {isa = PBXFileReference; lastKnownFileType = sourcecode.swift; path = wishListViewModel.swift; sourceTree = "<group>"; };
		43691331266ECFAB00BA0632 /* cartViewModel.swift */ = {isa = PBXFileReference; lastKnownFileType = sourcecode.swift; path = cartViewModel.swift; sourceTree = "<group>"; };
		436913352671987400BA0632 /* mainCategoriesCollectionViewCell.swift */ = {isa = PBXFileReference; lastKnownFileType = sourcecode.swift; path = mainCategoriesCollectionViewCell.swift; sourceTree = "<group>"; };
		436913362671987400BA0632 /* mainCategoriesCollectionViewCell.xib */ = {isa = PBXFileReference; lastKnownFileType = file.xib; path = mainCategoriesCollectionViewCell.xib; sourceTree = "<group>"; };
		436A29FC2672F82C0044B5DA /* receiptViewController.swift */ = {isa = PBXFileReference; lastKnownFileType = sourcecode.swift; name = receiptViewController.swift; path = "Shopify e-commerce/views/shop screen/recipt/orderConfirmation/receiptViewController.swift"; sourceTree = SOURCE_ROOT; };
		436A29FE2672FAB60044B5DA /* receiptProductCollectionViewCell.swift */ = {isa = PBXFileReference; lastKnownFileType = sourcecode.swift; name = receiptProductCollectionViewCell.swift; path = "Shopify e-commerce/views/shop screen/recipt/orderConfirmation/receiptProductCollectionViewCell.swift"; sourceTree = SOURCE_ROOT; };
		436A29FF2672FAB60044B5DA /* receiptProductCollectionViewCell.xib */ = {isa = PBXFileReference; lastKnownFileType = file.xib; name = receiptProductCollectionViewCell.xib; path = "Shopify e-commerce/views/shop screen/recipt/orderConfirmation/receiptProductCollectionViewCell.xib"; sourceTree = SOURCE_ROOT; };
		436A2A0326735E910044B5DA /* receiptViewModel.swift */ = {isa = PBXFileReference; lastKnownFileType = sourcecode.swift; path = receiptViewModel.swift; sourceTree = "<group>"; };
		436A2A052673FD150044B5DA /* applyCouponsViewController.swift */ = {isa = PBXFileReference; lastKnownFileType = sourcecode.swift; name = applyCouponsViewController.swift; path = "Shopify e-commerce/views/shop screen/recipt/applyCoupon/applyCouponsViewController.swift"; sourceTree = SOURCE_ROOT; };
		436A2A0B267409240044B5DA /* couponsStateCollectionViewCell.swift */ = {isa = PBXFileReference; lastKnownFileType = sourcecode.swift; name = couponsStateCollectionViewCell.swift; path = "Shopify e-commerce/views/shop screen/recipt/applyCoupon/couponsStateCollectionViewCell.swift"; sourceTree = SOURCE_ROOT; };
		436A2A0F26745AD50044B5DA /* availableCouponTableViewCell.swift */ = {isa = PBXFileReference; lastKnownFileType = sourcecode.swift; name = availableCouponTableViewCell.swift; path = "Shopify e-commerce/views/shop screen/recipt/applyCoupon/availableCouponTableViewCell.swift"; sourceTree = SOURCE_ROOT; };
		436A2A1326748E810044B5DA /* applyCouponViewModel.swift */ = {isa = PBXFileReference; lastKnownFileType = sourcecode.swift; path = applyCouponViewModel.swift; sourceTree = "<group>"; };
		436A2A152674BB480044B5DA /* NotAvailableTableViewCell.swift */ = {isa = PBXFileReference; lastKnownFileType = sourcecode.swift; name = NotAvailableTableViewCell.swift; path = "Shopify e-commerce/views/shop screen/recipt/applyCoupon/NotAvailableTableViewCell.swift"; sourceTree = SOURCE_ROOT; };
		436A2A162674BB480044B5DA /* NotAvailableTableViewCell.xib */ = {isa = PBXFileReference; lastKnownFileType = file.xib; name = NotAvailableTableViewCell.xib; path = "Shopify e-commerce/views/shop screen/recipt/applyCoupon/NotAvailableTableViewCell.xib"; sourceTree = SOURCE_ROOT; };
		438DED8B265CCCCA002717CD /* shopViewController.swift */ = {isa = PBXFileReference; lastKnownFileType = sourcecode.swift; path = shopViewController.swift; sourceTree = "<group>"; };
		438DED8E265CCD26002717CD /* shopViewModel.swift */ = {isa = PBXFileReference; lastKnownFileType = sourcecode.swift; path = shopViewModel.swift; sourceTree = "<group>"; };
		439BB314265E6990001F1A1D /* AllProduct.swift */ = {isa = PBXFileReference; lastKnownFileType = sourcecode.swift; path = AllProduct.swift; sourceTree = "<group>"; };
		439BB316265E81FB001F1A1D /* productProtocol.swift */ = {isa = PBXFileReference; lastKnownFileType = sourcecode.swift; path = productProtocol.swift; sourceTree = "<group>"; };
		43C4B24B26782A72007D0D3E /* 629-empty-box.json */ = {isa = PBXFileReference; fileEncoding = 4; lastKnownFileType = text.json; path = "629-empty-box.json"; sourceTree = "<group>"; };
		43C4B24C26782A72007D0D3E /* 3617-shopping-bag-error.json */ = {isa = PBXFileReference; fileEncoding = 4; lastKnownFileType = text.json; path = "3617-shopping-bag-error.json"; sourceTree = "<group>"; };
		43C4B24D26782A72007D0D3E /* 42176-empty-cart.json */ = {isa = PBXFileReference; fileEncoding = 4; lastKnownFileType = text.json; path = "42176-empty-cart.json"; sourceTree = "<group>"; };
		5C1C9C721B44EBE92F25D14D /* Pods-Shopify e-commerce-Shopify e-commerceUITests.debug.xcconfig */ = {isa = PBXFileReference; includeInIndex = 1; lastKnownFileType = text.xcconfig; name = "Pods-Shopify e-commerce-Shopify e-commerceUITests.debug.xcconfig"; path = "Target Support Files/Pods-Shopify e-commerce-Shopify e-commerceUITests/Pods-Shopify e-commerce-Shopify e-commerceUITests.debug.xcconfig"; sourceTree = "<group>"; };
		623902944C6B8846FCC3A3AB /* Pods-Shopify e-commerce-Shopify e-commerceUITests.release.xcconfig */ = {isa = PBXFileReference; includeInIndex = 1; lastKnownFileType = text.xcconfig; name = "Pods-Shopify e-commerce-Shopify e-commerceUITests.release.xcconfig"; path = "Target Support Files/Pods-Shopify e-commerce-Shopify e-commerceUITests/Pods-Shopify e-commerce-Shopify e-commerceUITests.release.xcconfig"; sourceTree = "<group>"; };
		6DFB7EEB377C4904666E17FA /* Pods_Shopify_e_commerce_Shopify_e_commerceUITests.framework */ = {isa = PBXFileReference; explicitFileType = wrapper.framework; includeInIndex = 0; path = Pods_Shopify_e_commerce_Shopify_e_commerceUITests.framework; sourceTree = BUILT_PRODUCTS_DIR; };
		75F3E3DF8890876E25237F1B /* Pods-Shopify e-commerce.debug.xcconfig */ = {isa = PBXFileReference; includeInIndex = 1; lastKnownFileType = text.xcconfig; name = "Pods-Shopify e-commerce.debug.xcconfig"; path = "Target Support Files/Pods-Shopify e-commerce/Pods-Shopify e-commerce.debug.xcconfig"; sourceTree = "<group>"; };
		A8112662291EF598DB424409 /* Pods-Shopify e-commerceTests.release.xcconfig */ = {isa = PBXFileReference; includeInIndex = 1; lastKnownFileType = text.xcconfig; name = "Pods-Shopify e-commerceTests.release.xcconfig"; path = "Target Support Files/Pods-Shopify e-commerceTests/Pods-Shopify e-commerceTests.release.xcconfig"; sourceTree = "<group>"; };
		B2D64D5343D0B47711A1179C /* Pods_Shopify_e_commerce.framework */ = {isa = PBXFileReference; explicitFileType = wrapper.framework; includeInIndex = 0; path = Pods_Shopify_e_commerce.framework; sourceTree = BUILT_PRODUCTS_DIR; };
		C20420E9265DB20600F4A70B /* ProductsCollectionViewCell.swift */ = {isa = PBXFileReference; lastKnownFileType = sourcecode.swift; path = ProductsCollectionViewCell.swift; sourceTree = "<group>"; };
		C20420EA265DB20600F4A70B /* ProductsCollectionViewCell.xib */ = {isa = PBXFileReference; lastKnownFileType = file.xib; path = ProductsCollectionViewCell.xib; sourceTree = "<group>"; };
		C2341559266BB34F00D2AB67 /* Main.storyboard */ = {isa = PBXFileReference; fileEncoding = 4; lastKnownFileType = file.storyboard; path = Main.storyboard; sourceTree = "<group>"; };
		C234155B266BB68A00D2AB67 /* ProductDetailsModel.swift */ = {isa = PBXFileReference; fileEncoding = 4; lastKnownFileType = sourcecode.swift; path = ProductDetailsModel.swift; sourceTree = "<group>"; };
		C244CB10267F6ED0006F67DF /* FavouriteTableViewCell.swift */ = {isa = PBXFileReference; lastKnownFileType = sourcecode.swift; path = FavouriteTableViewCell.swift; sourceTree = "<group>"; };
		C25212FA26721A8C0028E57C /* RegisterViewModel.swift */ = {isa = PBXFileReference; lastKnownFileType = sourcecode.swift; path = RegisterViewModel.swift; sourceTree = "<group>"; };
		C25212FC267226C50028E57C /* MeAPIContracts.swift */ = {isa = PBXFileReference; lastKnownFileType = sourcecode.swift; path = MeAPIContracts.swift; sourceTree = "<group>"; };
		C252D11526693ADD001691DB /* AllProductsModel.swift */ = {isa = PBXFileReference; lastKnownFileType = sourcecode.swift; name = AllProductsModel.swift; path = "Shopify e-commerce/viewmodel/search viewModel/AllProductsModel.swift"; sourceTree = SOURCE_ROOT; };
		C26E7C28266625EE000CB417 /* ProductModels.swift */ = {isa = PBXFileReference; lastKnownFileType = sourcecode.swift; name = ProductModels.swift; path = "Shopify e-commerce/views/category screen/ProductModels.swift"; sourceTree = SOURCE_ROOT; };
		C26E7C2A26662FB2000CB417 /* CategoryAPIContract.swift */ = {isa = PBXFileReference; lastKnownFileType = sourcecode.swift; path = CategoryAPIContract.swift; sourceTree = "<group>"; };
		C26E7C2C26664714000CB417 /* BaseViewControllerContract.swift */ = {isa = PBXFileReference; lastKnownFileType = sourcecode.swift; path = BaseViewControllerContract.swift; sourceTree = "<group>"; };
		C26EEF9E267A46EE007522BC /* OrderTableViewCell.swift */ = {isa = PBXFileReference; lastKnownFileType = sourcecode.swift; path = OrderTableViewCell.swift; sourceTree = "<group>"; };
		C26EEFA0267A5169007522BC /* SingleOrderTableViewCell.swift */ = {isa = PBXFileReference; lastKnownFileType = sourcecode.swift; path = SingleOrderTableViewCell.swift; sourceTree = "<group>"; };
		C26EEFA2267A5283007522BC /* OrderViewController.swift */ = {isa = PBXFileReference; lastKnownFileType = sourcecode.swift; path = OrderViewController.swift; sourceTree = "<group>"; };
		C27423DA265AEA67002D304B /* shop.storyboard */ = {isa = PBXFileReference; lastKnownFileType = file.storyboard; name = shop.storyboard; path = "Shopify e-commerce/views/shop screen/shop.storyboard"; sourceTree = SOURCE_ROOT; };
		C27423DC265AEA96002D304B /* category.storyboard */ = {isa = PBXFileReference; lastKnownFileType = file.storyboard; path = category.storyboard; sourceTree = "<group>"; };
		C27423DE265AEAB5002D304B /* productDetails.storyboard */ = {isa = PBXFileReference; lastKnownFileType = file.storyboard; path = productDetails.storyboard; sourceTree = "<group>"; };
		C27423E0265AED36002D304B /* meScreen.storyboard */ = {isa = PBXFileReference; lastKnownFileType = file.storyboard; path = meScreen.storyboard; sourceTree = "<group>"; };
		C27423E6265AF11A002D304B /* ApplicationNetworking.swift */ = {isa = PBXFileReference; lastKnownFileType = sourcecode.swift; path = ApplicationNetworking.swift; sourceTree = "<group>"; };
		C27423E8265AF4FE002D304B /* ShopifyAPI.swift */ = {isa = PBXFileReference; lastKnownFileType = sourcecode.swift; path = ShopifyAPI.swift; sourceTree = "<group>"; };
		C2A61CE6265633200047C648 /* ShopMe.app */ = {isa = PBXFileReference; explicitFileType = wrapper.application; includeInIndex = 0; path = ShopMe.app; sourceTree = BUILT_PRODUCTS_DIR; };
		C2A61CE9265633200047C648 /* AppDelegate.swift */ = {isa = PBXFileReference; lastKnownFileType = sourcecode.swift; path = AppDelegate.swift; sourceTree = "<group>"; };
		C2A61CEB265633200047C648 /* SceneDelegate.swift */ = {isa = PBXFileReference; lastKnownFileType = sourcecode.swift; path = SceneDelegate.swift; sourceTree = "<group>"; };
		C2A61CF3265633200047C648 /* Shopify_e_commerce.xcdatamodel */ = {isa = PBXFileReference; lastKnownFileType = wrapper.xcdatamodel; path = Shopify_e_commerce.xcdatamodel; sourceTree = "<group>"; };
		C2A61CF5265633220047C648 /* Assets.xcassets */ = {isa = PBXFileReference; lastKnownFileType = folder.assetcatalog; path = Assets.xcassets; sourceTree = "<group>"; };
		C2A61CF8265633220047C648 /* Base */ = {isa = PBXFileReference; lastKnownFileType = file.storyboard; name = Base; path = Base.lproj/LaunchScreen.storyboard; sourceTree = "<group>"; };
		C2A61CFA265633220047C648 /* Info.plist */ = {isa = PBXFileReference; lastKnownFileType = text.plist.xml; path = Info.plist; sourceTree = "<group>"; };
		C2A61CFF265633230047C648 /* ShopMeTests.xctest */ = {isa = PBXFileReference; explicitFileType = wrapper.cfbundle; includeInIndex = 0; path = ShopMeTests.xctest; sourceTree = BUILT_PRODUCTS_DIR; };
		C2A61D03265633230047C648 /* Shopify_e_commerceTests.swift */ = {isa = PBXFileReference; lastKnownFileType = sourcecode.swift; path = Shopify_e_commerceTests.swift; sourceTree = "<group>"; };
		C2A61D05265633230047C648 /* Info.plist */ = {isa = PBXFileReference; lastKnownFileType = text.plist.xml; path = Info.plist; sourceTree = "<group>"; };
		C2A61D0A265633230047C648 /* ShopMeUITests.xctest */ = {isa = PBXFileReference; explicitFileType = wrapper.cfbundle; includeInIndex = 0; path = ShopMeUITests.xctest; sourceTree = BUILT_PRODUCTS_DIR; };
		C2A61D0E265633230047C648 /* Shopify_e_commerceUITests.swift */ = {isa = PBXFileReference; lastKnownFileType = sourcecode.swift; path = Shopify_e_commerceUITests.swift; sourceTree = "<group>"; };
		C2A61D10265633230047C648 /* Info.plist */ = {isa = PBXFileReference; lastKnownFileType = text.plist.xml; path = Info.plist; sourceTree = "<group>"; };
		C2A61D1E265637530047C648 /* TargetType.swift */ = {isa = PBXFileReference; fileEncoding = 4; lastKnownFileType = sourcecode.swift; path = TargetType.swift; sourceTree = "<group>"; };
		C2A61D1F265637530047C648 /* BaseAPI.swift */ = {isa = PBXFileReference; fileEncoding = 4; lastKnownFileType = sourcecode.swift; path = BaseAPI.swift; sourceTree = "<group>"; };
		C2A61D232656378A0047C648 /* Utils.swift */ = {isa = PBXFileReference; fileEncoding = 4; lastKnownFileType = sourcecode.swift; path = Utils.swift; sourceTree = "<group>"; };
		C2A61D242656378A0047C648 /* Constants.swift */ = {isa = PBXFileReference; fileEncoding = 4; lastKnownFileType = sourcecode.swift; path = Constants.swift; sourceTree = "<group>"; };
		C2A8A234266757E700D9CBBA /* SearchProductViewController.swift */ = {isa = PBXFileReference; lastKnownFileType = sourcecode.swift; path = SearchProductViewController.swift; sourceTree = "<group>"; };
		C2A8A2372667754D00D9CBBA /* SearchViewModel.swift */ = {isa = PBXFileReference; lastKnownFileType = sourcecode.swift; path = SearchViewModel.swift; sourceTree = "<group>"; };
		C2E5E8F626738964005B41FD /* EditInfoViewModel.swift */ = {isa = PBXFileReference; lastKnownFileType = sourcecode.swift; path = EditInfoViewModel.swift; sourceTree = "<group>"; };
		C2E83A47265C37E900A2CD95 /* CategoryViewController.swift */ = {isa = PBXFileReference; lastKnownFileType = sourcecode.swift; path = CategoryViewController.swift; sourceTree = "<group>"; };
		C2E83A4B265CAA9000A2CD95 /* MainCategoryCollectionViewCell.swift */ = {isa = PBXFileReference; lastKnownFileType = sourcecode.swift; path = MainCategoryCollectionViewCell.swift; sourceTree = "<group>"; };
		C2E83A4C265CAA9000A2CD95 /* MainCategoryCollectionViewCell.xib */ = {isa = PBXFileReference; lastKnownFileType = file.xib; path = MainCategoryCollectionViewCell.xib; sourceTree = "<group>"; };
		C2E83A50265CE1A000A2CD95 /* CategoryViewModel.swift */ = {isa = PBXFileReference; lastKnownFileType = sourcecode.swift; path = CategoryViewModel.swift; sourceTree = "<group>"; };
		C2E83A53265CE24500A2CD95 /* BaseViewModel.swift */ = {isa = PBXFileReference; lastKnownFileType = sourcecode.swift; path = BaseViewModel.swift; sourceTree = "<group>"; };
		C2E83A55265CE28900A2CD95 /* ViewModelContracts.swift */ = {isa = PBXFileReference; lastKnownFileType = sourcecode.swift; path = ViewModelContracts.swift; sourceTree = "<group>"; };
		C2E83A57265CF13900A2CD95 /* SubCategoryCollectionViewCell.swift */ = {isa = PBXFileReference; lastKnownFileType = sourcecode.swift; path = SubCategoryCollectionViewCell.swift; sourceTree = "<group>"; };
		C2E83A58265CF13900A2CD95 /* SubCategoryCollectionViewCell.xib */ = {isa = PBXFileReference; lastKnownFileType = file.xib; path = SubCategoryCollectionViewCell.xib; sourceTree = "<group>"; };
		C2F83675267E8AFE008A6C7F /* CategoriesTests.swift */ = {isa = PBXFileReference; lastKnownFileType = sourcecode.swift; path = CategoriesTests.swift; sourceTree = "<group>"; };
		C2F8367A267E8F3A008A6C7F /* MockCategoryAPI.swift */ = {isa = PBXFileReference; lastKnownFileType = sourcecode.swift; path = MockCategoryAPI.swift; sourceTree = "<group>"; };
		C2F8367D267EA19A008A6C7F /* MochkingManager.swift */ = {isa = PBXFileReference; lastKnownFileType = sourcecode.swift; path = MochkingManager.swift; sourceTree = "<group>"; };
		C2F8367F267EA1C4008A6C7F /* MeViewModelTest.swift */ = {isa = PBXFileReference; lastKnownFileType = sourcecode.swift; path = MeViewModelTest.swift; sourceTree = "<group>"; };
		C2F83681267EA1F6008A6C7F /* LocalModelTest.swift */ = {isa = PBXFileReference; lastKnownFileType = sourcecode.swift; path = LocalModelTest.swift; sourceTree = "<group>"; };
		C2F83683267EA23C008A6C7F /* RegisterScreenTest.swift */ = {isa = PBXFileReference; lastKnownFileType = sourcecode.swift; path = RegisterScreenTest.swift; sourceTree = "<group>"; };
		DFDB3EF6BD4C89226F7669A9 /* Pods-Shopify e-commerceTests.debug.xcconfig */ = {isa = PBXFileReference; includeInIndex = 1; lastKnownFileType = text.xcconfig; name = "Pods-Shopify e-commerceTests.debug.xcconfig"; path = "Target Support Files/Pods-Shopify e-commerceTests/Pods-Shopify e-commerceTests.debug.xcconfig"; sourceTree = "<group>"; };
		ED00A30D265BC1D70017B055 /* MeViewController.swift */ = {isa = PBXFileReference; lastKnownFileType = sourcecode.swift; path = MeViewController.swift; sourceTree = "<group>"; };
		ED00A30F265CB5970017B055 /* SettingsViewController.swift */ = {isa = PBXFileReference; lastKnownFileType = sourcecode.swift; path = SettingsViewController.swift; sourceTree = "<group>"; };
		ED0D2A5F266F49B5009A6026 /* EditIngViewController.swift */ = {isa = PBXFileReference; lastKnownFileType = sourcecode.swift; path = EditIngViewController.swift; sourceTree = "<group>"; };
		ED440F7C266301A400B31D23 /* UserData.swift */ = {isa = PBXFileReference; lastKnownFileType = sourcecode.swift; path = UserData.swift; sourceTree = "<group>"; };
		ED53D1CD266BC954002E6083 /* MeViewModel.swift */ = {isa = PBXFileReference; lastKnownFileType = sourcecode.swift; name = MeViewModel.swift; path = "Shopify e-commerce/viewmodel/MeScreenViewModels/MeViewModel.swift"; sourceTree = SOURCE_ROOT; };
		ED76EF7D2669C3B600F32C7B /* RegisterCustomer.swift */ = {isa = PBXFileReference; lastKnownFileType = sourcecode.swift; name = RegisterCustomer.swift; path = "Shopify e-commerce/Models/network layer/RegisterCustomer.swift"; sourceTree = SOURCE_ROOT; };
		EDAD3090266E77F600B9D247 /* AboutUsViewController.swift */ = {isa = PBXFileReference; lastKnownFileType = sourcecode.swift; path = AboutUsViewController.swift; sourceTree = "<group>"; };
		EDE5840026640D1800580942 /* RegisterViewController.swift */ = {isa = PBXFileReference; lastKnownFileType = sourcecode.swift; path = RegisterViewController.swift; sourceTree = "<group>"; };
/* End PBXFileReference section */

/* Begin PBXFrameworksBuildPhase section */
		C2A61CE3265633200047C648 /* Frameworks */ = {
			isa = PBXFrameworksBuildPhase;
			buildActionMask = 2147483647;
			files = (
				34B6F34AD82B2CBC720E8731 /* Pods_Shopify_e_commerce.framework in Frameworks */,
			);
			runOnlyForDeploymentPostprocessing = 0;
		};
		C2A61CFC265633230047C648 /* Frameworks */ = {
			isa = PBXFrameworksBuildPhase;
			buildActionMask = 2147483647;
			files = (
				2233A5199A5D5E90DBA5D3F0 /* Pods_Shopify_e_commerceTests.framework in Frameworks */,
			);
			runOnlyForDeploymentPostprocessing = 0;
		};
		C2A61D07265633230047C648 /* Frameworks */ = {
			isa = PBXFrameworksBuildPhase;
			buildActionMask = 2147483647;
			files = (
				F4CDB09DC9B1BA2E976C1CB0 /* Pods_Shopify_e_commerce_Shopify_e_commerceUITests.framework in Frameworks */,
			);
			runOnlyForDeploymentPostprocessing = 0;
		};
/* End PBXFrameworksBuildPhase section */

/* Begin PBXGroup section */
		0D14F113266C48B6006AD092 /* Cells */ = {
			isa = PBXGroup;
			children = (
				0D14F114266C4913006AD092 /* ImageCell */,
				0D77D2F62667DB0100FFA908 /* ColorCell */,
				0D14F119266C4B53006AD092 /* SizeCell */,
				0DF91A162674B3E400E7D6B7 /* RightNavBarView */,
			);
			path = Cells;
			sourceTree = "<group>";
		};
		0D14F114266C4913006AD092 /* ImageCell */ = {
			isa = PBXGroup;
			children = (
				0D14F115266C4930006AD092 /* ImageCollectionViewCell.swift */,
				0D14F116266C4930006AD092 /* ImageCollectionViewCell.xib */,
			);
			path = ImageCell;
			sourceTree = "<group>";
		};
		0D14F119266C4B53006AD092 /* SizeCell */ = {
			isa = PBXGroup;
			children = (
				0D14F11A266C4B61006AD092 /* SizeCollectionViewCell.swift */,
				0D14F11B266C4B61006AD092 /* SizeCollectionViewCell.xib */,
			);
			path = SizeCell;
			sourceTree = "<group>";
		};
		0D77D2F62667DB0100FFA908 /* ColorCell */ = {
			isa = PBXGroup;
			children = (
				0D77D2EE26677C7000FFA908 /* ColorViewCollectionViewCell.swift */,
				0D77D2EF26677C7000FFA908 /* ColorViewCollectionViewCell.xib */,
			);
			path = ColorCell;
			sourceTree = "<group>";
		};
		0D77D2F72667DB2E00FFA908 /* ProductDetailsViewModel */ = {
			isa = PBXGroup;
			children = (
				0D0308DB2669373F00E56724 /* ProductDetailsViewModel.swift */,
			);
			path = ProductDetailsViewModel;
			sourceTree = "<group>";
		};
		0DED0669267E913700D41982 /* ProductDetailsTests */ = {
			isa = PBXGroup;
			children = (
				0DED066A267E913700D41982 /* Mock */,
				0DED0665267E720400D41982 /* ProductDetailsVMTests.swift */,
				0DFFB918267DEE5E005054BA /* ProductDetailsTests.swift */,
			);
			path = ProductDetailsTests;
			sourceTree = "<group>";
		};
		0DED066A267E913700D41982 /* Mock */ = {
			isa = PBXGroup;
			children = (
				0DED0667267E913700D41982 /* MockProductDetailsAPI.swift */,
			);
			path = Mock;
			sourceTree = "<group>";
		};
		0DF91A162674B3E400E7D6B7 /* RightNavBarView */ = {
			isa = PBXGroup;
			children = (
				0DF91A12267498F400E7D6B7 /* RightNavBarView.swift */,
				0DF91A142674990200E7D6B7 /* RightNavBarView.xib */,
			);
			path = RightNavBarView;
			sourceTree = "<group>";
		};
		4363D528267D6ABC003D39C5 /* shop */ = {
			isa = PBXGroup;
			children = (
				4363D529267D6B10003D39C5 /* mock */,
				4363D535267DA246003D39C5 /* shopProductExpection.swift */,
				4363D52C267D74ED003D39C5 /* shopProduct.swift */,
				4363D537267DB7D4003D39C5 /* address.swift */,
				4363D539267DBC43003D39C5 /* cart.swift */,
				4363D53D267DC5C7003D39C5 /* wishList.swift */,
			);
			path = shop;
			sourceTree = "<group>";
		};
		4363D529267D6B10003D39C5 /* mock */ = {
			isa = PBXGroup;
			children = (
				4363D52A267D6D5E003D39C5 /* allProduct.swift */,
				4363D53B267DC1CB003D39C5 /* localObj.swift */,
			);
			path = mock;
			sourceTree = "<group>";
		};
		43665B7D267998350089B556 /* address */ = {
			isa = PBXGroup;
			children = (
				43665B7E267998720089B556 /* addressViewController.swift */,
				43665B81267998960089B556 /* addAddressViewController.swift */,
				43665B83267998C10089B556 /* addressTableViewCell.swift */,
			);
			path = address;
			sourceTree = "<group>";
		};
		43665B852679B8790089B556 /* addressViewModel */ = {
			isa = PBXGroup;
			children = (
				43665B862679B8A30089B556 /* addressViewModel.swift */,
			);
			path = addressViewModel;
			sourceTree = "<group>";
		};
		4366FD0E266D5397006E4D1B /* wishList */ = {
			isa = PBXGroup;
			children = (
				431C85A9266AF1FD00CB6886 /* wishListViewController.swift */,
				4366FD0A266C8890006E4D1B /* wishListCollectionViewCell.swift */,
			);
			path = wishList;
			sourceTree = "<group>";
		};
		4366FD0F266D53A4006E4D1B /* shoppingBag */ = {
			isa = PBXGroup;
			children = (
				431C85A7266AF1FD00CB6886 /* CardViewController.swift */,
				4366FD0C266C9F5E006E4D1B /* cartTableViewCell.swift */,
			);
			path = shoppingBag;
			sourceTree = "<group>";
		};
		4366FD10266D53F8006E4D1B /* shopAndAds */ = {
			isa = PBXGroup;
			children = (
				436913392671A36900BA0632 /* MainCategoryCell */,
				4369133A2671A41500BA0632 /* shopCell */,
				438DED8B265CCCCA002717CD /* shopViewController.swift */,
			);
			path = shopAndAds;
			sourceTree = "<group>";
		};
		4369132D266ECF1800BA0632 /* wishList viewModel */ = {
			isa = PBXGroup;
			children = (
				4369132E266ECF7700BA0632 /* wishListViewModel.swift */,
			);
			path = "wishList viewModel";
			sourceTree = "<group>";
		};
		43691330266ECF8300BA0632 /* cart viewModel */ = {
			isa = PBXGroup;
			children = (
				43691331266ECFAB00BA0632 /* cartViewModel.swift */,
			);
			path = "cart viewModel";
			sourceTree = "<group>";
		};
		436913392671A36900BA0632 /* MainCategoryCell */ = {
			isa = PBXGroup;
			children = (
				436913362671987400BA0632 /* mainCategoriesCollectionViewCell.xib */,
				436913352671987400BA0632 /* mainCategoriesCollectionViewCell.swift */,
			);
			path = MainCategoryCell;
			sourceTree = "<group>";
		};
		4369133A2671A41500BA0632 /* shopCell */ = {
			isa = PBXGroup;
			children = (
				431C85AA266AF1FD00CB6886 /* shopCollectionViewCell.swift */,
			);
			path = shopCell;
			sourceTree = "<group>";
		};
		4369133B2671ADC300BA0632 /* recipt */ = {
			isa = PBXGroup;
			children = (
				436A2A1226748A570044B5DA /* orderConfirmation */,
				436A2A1126748A260044B5DA /* applyCoupon */,
			);
			path = recipt;
			sourceTree = "<group>";
		};
		436A2A0226735E6E0044B5DA /* receiptViewModel */ = {
			isa = PBXGroup;
			children = (
				436A2A0326735E910044B5DA /* receiptViewModel.swift */,
				436A2A1326748E810044B5DA /* applyCouponViewModel.swift */,
			);
			path = receiptViewModel;
			sourceTree = "<group>";
		};
		436A2A1126748A260044B5DA /* applyCoupon */ = {
			isa = PBXGroup;
			children = (
				436A2A052673FD150044B5DA /* applyCouponsViewController.swift */,
				436A2A0B267409240044B5DA /* couponsStateCollectionViewCell.swift */,
				436A2A0F26745AD50044B5DA /* availableCouponTableViewCell.swift */,
				436A2A152674BB480044B5DA /* NotAvailableTableViewCell.swift */,
				436A2A162674BB480044B5DA /* NotAvailableTableViewCell.xib */,
			);
			path = applyCoupon;
			sourceTree = "<group>";
		};
		436A2A1226748A570044B5DA /* orderConfirmation */ = {
			isa = PBXGroup;
			children = (
				436A29FC2672F82C0044B5DA /* receiptViewController.swift */,
				436A29FE2672FAB60044B5DA /* receiptProductCollectionViewCell.swift */,
				436A29FF2672FAB60044B5DA /* receiptProductCollectionViewCell.xib */,
			);
			path = orderConfirmation;
			sourceTree = "<group>";
		};
		438DED8D265CCCEE002717CD /* shop */ = {
			isa = PBXGroup;
			children = (
				438DED8E265CCD26002717CD /* shopViewModel.swift */,
			);
			path = shop;
			sourceTree = "<group>";
		};
		438DED90265CCDD5002717CD /* shop */ = {
			isa = PBXGroup;
			children = (
				431C85A3266AF1C300CB6886 /* discountCode.swift */,
				439BB314265E6990001F1A1D /* AllProduct.swift */,
			);
			path = shop;
			sourceTree = "<group>";
		};
		A0282DE4DD4DECFA356EFE79 /* Pods */ = {
			isa = PBXGroup;
			children = (
				75F3E3DF8890876E25237F1B /* Pods-Shopify e-commerce.debug.xcconfig */,
				3457CB85F7732A62091C709A /* Pods-Shopify e-commerce.release.xcconfig */,
				5C1C9C721B44EBE92F25D14D /* Pods-Shopify e-commerce-Shopify e-commerceUITests.debug.xcconfig */,
				623902944C6B8846FCC3A3AB /* Pods-Shopify e-commerce-Shopify e-commerceUITests.release.xcconfig */,
				DFDB3EF6BD4C89226F7669A9 /* Pods-Shopify e-commerceTests.debug.xcconfig */,
				A8112662291EF598DB424409 /* Pods-Shopify e-commerceTests.release.xcconfig */,
			);
			path = Pods;
			sourceTree = "<group>";
		};
		AD86A06FBD94260E469AA2E2 /* Frameworks */ = {
			isa = PBXGroup;
			children = (
				B2D64D5343D0B47711A1179C /* Pods_Shopify_e_commerce.framework */,
				6DFB7EEB377C4904666E17FA /* Pods_Shopify_e_commerce_Shopify_e_commerceUITests.framework */,
				241DCD4517229F4D795A6565 /* Pods_Shopify_e_commerceTests.framework */,
			);
			name = Frameworks;
			sourceTree = "<group>";
		};
		C20420ED265DB21700F4A70B /* main category cell */ = {
			isa = PBXGroup;
			children = (
				C2E83A4B265CAA9000A2CD95 /* MainCategoryCollectionViewCell.swift */,
				C2E83A4C265CAA9000A2CD95 /* MainCategoryCollectionViewCell.xib */,
			);
			path = "main category cell";
			sourceTree = "<group>";
		};
		C20420EE265DB22900F4A70B /* sub category cell */ = {
			isa = PBXGroup;
			children = (
				C2E83A57265CF13900A2CD95 /* SubCategoryCollectionViewCell.swift */,
				C2E83A58265CF13900A2CD95 /* SubCategoryCollectionViewCell.xib */,
			);
			path = "sub category cell";
			sourceTree = "<group>";
		};
		C20420EF265DB23E00F4A70B /* product cell */ = {
			isa = PBXGroup;
			children = (
				C20420E9265DB20600F4A70B /* ProductsCollectionViewCell.swift */,
				C20420EA265DB20600F4A70B /* ProductsCollectionViewCell.xib */,
			);
			path = "product cell";
			sourceTree = "<group>";
		};
		C27423E2265AEE0A002D304B /* shop screen */ = {
			isa = PBXGroup;
			children = (
				4369133B2671ADC300BA0632 /* recipt */,
				4366FD10266D53F8006E4D1B /* shopAndAds */,
				4366FD0F266D53A4006E4D1B /* shoppingBag */,
				4366FD0E266D5397006E4D1B /* wishList */,
				C27423DA265AEA67002D304B /* shop.storyboard */,
				0D3A83102678A2D300B65ACA /* ColorSizeViewController.swift */,
			);
			name = "shop screen";
			path = "../shop screen";
			sourceTree = "<group>";
		};
		C27423E3265AEE1D002D304B /* category screen */ = {
			isa = PBXGroup;
			children = (
				C2A8A233266757C000D9CBBA /* search screen */,
				C2A8A232266757A600D9CBBA /* category screen */,
				C20420EF265DB23E00F4A70B /* product cell */,
				C20420EE265DB22900F4A70B /* sub category cell */,
				C20420ED265DB21700F4A70B /* main category cell */,
			);
			path = "category screen";
			sourceTree = "<group>";
		};
		C27423E4265AEE2C002D304B /* product details */ = {
			isa = PBXGroup;
			children = (
				0D14F113266C48B6006AD092 /* Cells */,
				C27423DE265AEAB5002D304B /* productDetails.storyboard */,
				0D864DA5266565F5008474FE /* ProductDetailsTableViewController.swift */,
			);
			path = "product details";
			sourceTree = "<group>";
		};
		C27423E5265AEE3C002D304B /* me screen */ = {
			isa = PBXGroup;
			children = (
				ED00A30D265BC1D70017B055 /* MeViewController.swift */,
				ED00A30F265CB5970017B055 /* SettingsViewController.swift */,
				EDE5840026640D1800580942 /* RegisterViewController.swift */,
				C27423E0265AED36002D304B /* meScreen.storyboard */,
				EDAD3090266E77F600B9D247 /* AboutUsViewController.swift */,
				ED0D2A5F266F49B5009A6026 /* EditIngViewController.swift */,
				C26EEF9E267A46EE007522BC /* OrderTableViewCell.swift */,
				C26EEFA0267A5169007522BC /* SingleOrderTableViewCell.swift */,
				C26EEFA2267A5283007522BC /* OrderViewController.swift */,
				C244CB10267F6ED0006F67DF /* FavouriteTableViewCell.swift */,
			);
			path = "me screen";
			sourceTree = "<group>";
		};
		C2A61CDD265633200047C648 = {
			isa = PBXGroup;
			children = (
				C2A61CE8265633200047C648 /* Shopify e-commerce */,
				C2A61D02265633230047C648 /* Shopify e-commerceTests */,
				C2A61D0D265633230047C648 /* Shopify e-commerceUITests */,
				C2A61CE7265633200047C648 /* Products */,
				A0282DE4DD4DECFA356EFE79 /* Pods */,
				AD86A06FBD94260E469AA2E2 /* Frameworks */,
			);
			sourceTree = "<group>";
		};
		C2A61CE7265633200047C648 /* Products */ = {
			isa = PBXGroup;
			children = (
				C2A61CE6265633200047C648 /* ShopMe.app */,
				C2A61CFF265633230047C648 /* ShopMeTests.xctest */,
				C2A61D0A265633230047C648 /* ShopMeUITests.xctest */,
			);
			name = Products;
			sourceTree = "<group>";
		};
		C2A61CE8265633200047C648 /* Shopify e-commerce */ = {
			isa = PBXGroup;
			children = (
				43C4B24B26782A72007D0D3E /* 629-empty-box.json */,
				43C4B24C26782A72007D0D3E /* 3617-shopping-bag-error.json */,
				43C4B24D26782A72007D0D3E /* 42176-empty-cart.json */,
				C2E83A52265CE1F600A2CD95 /* Contracts */,
				C2A61D1C2656370E0047C648 /* Models */,
				C2A61D28265638C90047C648 /* views */,
				C2A61D27265638C20047C648 /* viewmodel */,
				C2A61D22265637780047C648 /* Utils */,
				C2A61CE9265633200047C648 /* AppDelegate.swift */,
				C2A61CEB265633200047C648 /* SceneDelegate.swift */,
				C2A61CF5265633220047C648 /* Assets.xcassets */,
				C2A61CF7265633220047C648 /* LaunchScreen.storyboard */,
				C2A61CFA265633220047C648 /* Info.plist */,
				C2A61CF2265633200047C648 /* Shopify_e_commerce.xcdatamodeld */,
			);
			path = "Shopify e-commerce";
			sourceTree = "<group>";
		};
		C2A61D02265633230047C648 /* Shopify e-commerceTests */ = {
			isa = PBXGroup;
			children = (
				C2F8367C267EA0CD008A6C7F /* me screen tests */,
				C2F83674267E8AE2008A6C7F /* category tests */,
				0DED0669267E913700D41982 /* ProductDetailsTests */,
				4363D528267D6ABC003D39C5 /* shop */,
				C2A61D03265633230047C648 /* Shopify_e_commerceTests.swift */,
				C2A61D05265633230047C648 /* Info.plist */,
			);
			path = "Shopify e-commerceTests";
			sourceTree = "<group>";
		};
		C2A61D0D265633230047C648 /* Shopify e-commerceUITests */ = {
			isa = PBXGroup;
			children = (
				C2A61D0E265633230047C648 /* Shopify_e_commerceUITests.swift */,
				C2A61D10265633230047C648 /* Info.plist */,
			);
			path = "Shopify e-commerceUITests";
			sourceTree = "<group>";
		};
		C2A61D1C2656370E0047C648 /* Models */ = {
			isa = PBXGroup;
			children = (
				C2A61D2A265638DF0047C648 /* DTO */,
				C2A61D29265638D60047C648 /* local layer */,
				C2A61D1D2656371B0047C648 /* network layer */,
			);
			path = Models;
			sourceTree = "<group>";
		};
		C2A61D1D2656371B0047C648 /* network layer */ = {
			isa = PBXGroup;
			children = (
				C2A61D1F265637530047C648 /* BaseAPI.swift */,
				C2A61D1E265637530047C648 /* TargetType.swift */,
				C27423E6265AF11A002D304B /* ApplicationNetworking.swift */,
				C27423E8265AF4FE002D304B /* ShopifyAPI.swift */,
			);
			path = "network layer";
			sourceTree = "<group>";
		};
		C2A61D22265637780047C648 /* Utils */ = {
			isa = PBXGroup;
			children = (
				C2A61D242656378A0047C648 /* Constants.swift */,
				C2A61D232656378A0047C648 /* Utils.swift */,
			);
			path = Utils;
			sourceTree = "<group>";
		};
		C2A61D27265638C20047C648 /* viewmodel */ = {
			isa = PBXGroup;
			children = (
				0D77D2F72667DB2E00FFA908 /* ProductDetailsViewModel */,
				C2F83685267EA78A008A6C7F /* MeScreenViewModels */,
				43665B852679B8790089B556 /* addressViewModel */,
				436A2A0226735E6E0044B5DA /* receiptViewModel */,
				43691330266ECF8300BA0632 /* cart viewModel */,
				4369132D266ECF1800BA0632 /* wishList viewModel */,
				C2A8A236266774FC00D9CBBA /* search viewModel */,
				C2E83A4F265CE18D00A2CD95 /* category viewModel */,
				438DED8D265CCCEE002717CD /* shop */,
			);
			path = viewmodel;
			sourceTree = "<group>";
		};
		C2A61D28265638C90047C648 /* views */ = {
			isa = PBXGroup;
			children = (
				C2341559266BB34F00D2AB67 /* Main.storyboard */,
				C27423E2265AEE0A002D304B /* shop screen */,
				43665B7D267998350089B556 /* address */,
				C27423E5265AEE3C002D304B /* me screen */,
				C27423E4265AEE2C002D304B /* product details */,
				C27423E3265AEE1D002D304B /* category screen */,
			);
			path = views;
			sourceTree = "<group>";
		};
		C2A61D29265638D60047C648 /* local layer */ = {
			isa = PBXGroup;
			children = (
				ED440F7C266301A400B31D23 /* UserData.swift */,
				0D9E50E9266CC14600017EE6 /* LocalManager.swift */,
			);
			path = "local layer";
			sourceTree = "<group>";
		};
		C2A61D2A265638DF0047C648 /* DTO */ = {
			isa = PBXGroup;
			children = (
				ED76EF7D2669C3B600F32C7B /* RegisterCustomer.swift */,
				C26E7C28266625EE000CB417 /* ProductModels.swift */,
				C252D11526693ADD001691DB /* AllProductsModel.swift */,
				C234155B266BB68A00D2AB67 /* ProductDetailsModel.swift */,
				438DED90265CCDD5002717CD /* shop */,
			);
			path = DTO;
			sourceTree = "<group>";
		};
		C2A8A232266757A600D9CBBA /* category screen */ = {
			isa = PBXGroup;
			children = (
				C2E83A47265C37E900A2CD95 /* CategoryViewController.swift */,
				C27423DC265AEA96002D304B /* category.storyboard */,
			);
			path = "category screen";
			sourceTree = "<group>";
		};
		C2A8A233266757C000D9CBBA /* search screen */ = {
			isa = PBXGroup;
			children = (
				C2A8A234266757E700D9CBBA /* SearchProductViewController.swift */,
			);
			path = "search screen";
			sourceTree = "<group>";
		};
		C2A8A236266774FC00D9CBBA /* search viewModel */ = {
			isa = PBXGroup;
			children = (
				C2A8A2372667754D00D9CBBA /* SearchViewModel.swift */,
			);
			path = "search viewModel";
			sourceTree = "<group>";
		};
		C2E83A4F265CE18D00A2CD95 /* category viewModel */ = {
			isa = PBXGroup;
			children = (
				C2E83A50265CE1A000A2CD95 /* CategoryViewModel.swift */,
			);
			path = "category viewModel";
			sourceTree = "<group>";
		};
		C2E83A52265CE1F600A2CD95 /* Contracts */ = {
			isa = PBXGroup;
			children = (
				C2E83A53265CE24500A2CD95 /* BaseViewModel.swift */,
				C2E83A55265CE28900A2CD95 /* ViewModelContracts.swift */,
				C26E7C2A26662FB2000CB417 /* CategoryAPIContract.swift */,
				C25212FC267226C50028E57C /* MeAPIContracts.swift */,
				C26E7C2C26664714000CB417 /* BaseViewControllerContract.swift */,
				439BB316265E81FB001F1A1D /* productProtocol.swift */,
				0D14F111266C47BC006AD092 /* ProductDetailsContracts.swift */,
			);
			path = Contracts;
			sourceTree = "<group>";
		};
		C2F83674267E8AE2008A6C7F /* category tests */ = {
			isa = PBXGroup;
			children = (
				C2F83679267E8F29008A6C7F /* Mock */,
				C2F83675267E8AFE008A6C7F /* CategoriesTests.swift */,
			);
			path = "category tests";
			sourceTree = "<group>";
		};
		C2F83679267E8F29008A6C7F /* Mock */ = {
			isa = PBXGroup;
			children = (
				C2F8367A267E8F3A008A6C7F /* MockCategoryAPI.swift */,
			);
			path = Mock;
			sourceTree = "<group>";
		};
		C2F8367C267EA0CD008A6C7F /* me screen tests */ = {
			isa = PBXGroup;
			children = (
				C2F8367D267EA19A008A6C7F /* MochkingManager.swift */,
				C2F8367F267EA1C4008A6C7F /* MeViewModelTest.swift */,
				C2F83681267EA1F6008A6C7F /* LocalModelTest.swift */,
				C2F83683267EA23C008A6C7F /* RegisterScreenTest.swift */,
			);
			path = "me screen tests";
			sourceTree = "<group>";
		};
		C2F83685267EA78A008A6C7F /* MeScreenViewModels */ = {
			isa = PBXGroup;
			children = (
				ED53D1CD266BC954002E6083 /* MeViewModel.swift */,
				C25212FA26721A8C0028E57C /* RegisterViewModel.swift */,
				C2E5E8F626738964005B41FD /* EditInfoViewModel.swift */,
			);
			path = MeScreenViewModels;
			sourceTree = "<group>";
		};
/* End PBXGroup section */

/* Begin PBXNativeTarget section */
		C2A61CE5265633200047C648 /* ShopMe */ = {
			isa = PBXNativeTarget;
			buildConfigurationList = C2A61D13265633230047C648 /* Build configuration list for PBXNativeTarget "ShopMe" */;
			buildPhases = (
				562CFB4E68359E6FA2E0301B /* [CP] Check Pods Manifest.lock */,
				C2A61CE2265633200047C648 /* Sources */,
				C2A61CE3265633200047C648 /* Frameworks */,
				C2A61CE4265633200047C648 /* Resources */,
				794DB13AB92377B127C8A815 /* [CP] Embed Pods Frameworks */,
			);
			buildRules = (
			);
			dependencies = (
			);
			name = ShopMe;
			productName = "Shopify e-commerce";
			productReference = C2A61CE6265633200047C648 /* ShopMe.app */;
			productType = "com.apple.product-type.application";
		};
		C2A61CFE265633230047C648 /* ShopMeTests */ = {
			isa = PBXNativeTarget;
			buildConfigurationList = C2A61D16265633230047C648 /* Build configuration list for PBXNativeTarget "ShopMeTests" */;
			buildPhases = (
				21311A9870FAB8FCFE7BAB85 /* [CP] Check Pods Manifest.lock */,
				C2A61CFB265633230047C648 /* Sources */,
				C2A61CFC265633230047C648 /* Frameworks */,
				C2A61CFD265633230047C648 /* Resources */,
			);
			buildRules = (
			);
			dependencies = (
				C2A61D01265633230047C648 /* PBXTargetDependency */,
			);
			name = ShopMeTests;
			productName = "Shopify e-commerceTests";
			productReference = C2A61CFF265633230047C648 /* ShopMeTests.xctest */;
			productType = "com.apple.product-type.bundle.unit-test";
		};
		C2A61D09265633230047C648 /* ShopMeUITests */ = {
			isa = PBXNativeTarget;
			buildConfigurationList = C2A61D19265633230047C648 /* Build configuration list for PBXNativeTarget "ShopMeUITests" */;
			buildPhases = (
				2DE710B7859B52737E11C6B0 /* [CP] Check Pods Manifest.lock */,
				C2A61D06265633230047C648 /* Sources */,
				C2A61D07265633230047C648 /* Frameworks */,
				C2A61D08265633230047C648 /* Resources */,
				EBFD4DD1BE37E670309693F4 /* [CP] Embed Pods Frameworks */,
			);
			buildRules = (
			);
			dependencies = (
				C2A61D0C265633230047C648 /* PBXTargetDependency */,
			);
			name = ShopMeUITests;
			productName = "Shopify e-commerceUITests";
			productReference = C2A61D0A265633230047C648 /* ShopMeUITests.xctest */;
			productType = "com.apple.product-type.bundle.ui-testing";
		};
/* End PBXNativeTarget section */

/* Begin PBXProject section */
		C2A61CDE265633200047C648 /* Project object */ = {
			isa = PBXProject;
			attributes = {
				KnownAssetTags = (
					1,
					2,
				);
				LastSwiftUpdateCheck = 1140;
				LastUpgradeCheck = 1140;
				ORGANIZATIONNAME = "";
				TargetAttributes = {
					C2A61CE5265633200047C648 = {
						CreatedOnToolsVersion = 11.4;
					};
					C2A61CFE265633230047C648 = {
						CreatedOnToolsVersion = 11.4;
						TestTargetID = C2A61CE5265633200047C648;
					};
					C2A61D09265633230047C648 = {
						CreatedOnToolsVersion = 11.4;
						TestTargetID = C2A61CE5265633200047C648;
					};
				};
			};
			buildConfigurationList = C2A61CE1265633200047C648 /* Build configuration list for PBXProject "ShopMe" */;
			compatibilityVersion = "Xcode 9.3";
			developmentRegion = en;
			hasScannedForEncodings = 0;
			knownRegions = (
				en,
				Base,
			);
			mainGroup = C2A61CDD265633200047C648;
			productRefGroup = C2A61CE7265633200047C648 /* Products */;
			projectDirPath = "";
			projectRoot = "";
			targets = (
				C2A61CE5265633200047C648 /* ShopMe */,
				C2A61CFE265633230047C648 /* ShopMeTests */,
				C2A61D09265633230047C648 /* ShopMeUITests */,
			);
		};
/* End PBXProject section */

/* Begin PBXResourcesBuildPhase section */
		C2A61CE4265633200047C648 /* Resources */ = {
			isa = PBXResourcesBuildPhase;
			buildActionMask = 2147483647;
			files = (
				C27423DD265AEA96002D304B /* category.storyboard in Resources */,
				43C4B24E26782A72007D0D3E /* 629-empty-box.json in Resources */,
				C2E83A4E265CAA9000A2CD95 /* MainCategoryCollectionViewCell.xib in Resources */,
				C20420EC265DB20600F4A70B /* ProductsCollectionViewCell.xib in Resources */,
				43C4B24F26782A72007D0D3E /* 3617-shopping-bag-error.json in Resources */,
				C27423DF265AEAB5002D304B /* productDetails.storyboard in Resources */,
				43C4B25026782A72007D0D3E /* 42176-empty-cart.json in Resources */,
				C27423DB265AEA67002D304B /* shop.storyboard in Resources */,
				0D77D2F126677C7000FFA908 /* ColorViewCollectionViewCell.xib in Resources */,
				C234155A266BB34F00D2AB67 /* Main.storyboard in Resources */,
				0DF91A152674990200E7D6B7 /* RightNavBarView.xib in Resources */,
				0D14F118266C4930006AD092 /* ImageCollectionViewCell.xib in Resources */,
				C27423E1265AED36002D304B /* meScreen.storyboard in Resources */,
				436A2A012672FAB60044B5DA /* receiptProductCollectionViewCell.xib in Resources */,
				C2E83A5A265CF13900A2CD95 /* SubCategoryCollectionViewCell.xib in Resources */,
				0D090F212666151600E74B52 /* productDetails.storyboard in Resources */,
				0D14F11D266C4B61006AD092 /* SizeCollectionViewCell.xib in Resources */,
				436913382671987400BA0632 /* mainCategoriesCollectionViewCell.xib in Resources */,
				C2A61CF9265633220047C648 /* LaunchScreen.storyboard in Resources */,
				C2A61CF6265633220047C648 /* Assets.xcassets in Resources */,
				436A2A182674BB480044B5DA /* NotAvailableTableViewCell.xib in Resources */,
			);
			runOnlyForDeploymentPostprocessing = 0;
		};
		C2A61CFD265633230047C648 /* Resources */ = {
			isa = PBXResourcesBuildPhase;
			buildActionMask = 2147483647;
			files = (
			);
			runOnlyForDeploymentPostprocessing = 0;
		};
		C2A61D08265633230047C648 /* Resources */ = {
			isa = PBXResourcesBuildPhase;
			buildActionMask = 2147483647;
			files = (
			);
			runOnlyForDeploymentPostprocessing = 0;
		};
/* End PBXResourcesBuildPhase section */

/* Begin PBXShellScriptBuildPhase section */
		21311A9870FAB8FCFE7BAB85 /* [CP] Check Pods Manifest.lock */ = {
			isa = PBXShellScriptBuildPhase;
			buildActionMask = 2147483647;
			files = (
			);
			inputFileListPaths = (
			);
			inputPaths = (
				"${PODS_PODFILE_DIR_PATH}/Podfile.lock",
				"${PODS_ROOT}/Manifest.lock",
			);
			name = "[CP] Check Pods Manifest.lock";
			outputFileListPaths = (
			);
			outputPaths = (
				"$(DERIVED_FILE_DIR)/Pods-Shopify e-commerceTests-checkManifestLockResult.txt",
			);
			runOnlyForDeploymentPostprocessing = 0;
			shellPath = /bin/sh;
			shellScript = "diff \"${PODS_PODFILE_DIR_PATH}/Podfile.lock\" \"${PODS_ROOT}/Manifest.lock\" > /dev/null\nif [ $? != 0 ] ; then\n    # print error to STDERR\n    echo \"error: The sandbox is not in sync with the Podfile.lock. Run 'pod install' or update your CocoaPods installation.\" >&2\n    exit 1\nfi\n# This output is used by Xcode 'outputs' to avoid re-running this script phase.\necho \"SUCCESS\" > \"${SCRIPT_OUTPUT_FILE_0}\"\n";
			showEnvVarsInLog = 0;
		};
		2DE710B7859B52737E11C6B0 /* [CP] Check Pods Manifest.lock */ = {
			isa = PBXShellScriptBuildPhase;
			buildActionMask = 2147483647;
			files = (
			);
			inputFileListPaths = (
			);
			inputPaths = (
				"${PODS_PODFILE_DIR_PATH}/Podfile.lock",
				"${PODS_ROOT}/Manifest.lock",
			);
			name = "[CP] Check Pods Manifest.lock";
			outputFileListPaths = (
			);
			outputPaths = (
				"$(DERIVED_FILE_DIR)/Pods-Shopify e-commerce-Shopify e-commerceUITests-checkManifestLockResult.txt",
			);
			runOnlyForDeploymentPostprocessing = 0;
			shellPath = /bin/sh;
			shellScript = "diff \"${PODS_PODFILE_DIR_PATH}/Podfile.lock\" \"${PODS_ROOT}/Manifest.lock\" > /dev/null\nif [ $? != 0 ] ; then\n    # print error to STDERR\n    echo \"error: The sandbox is not in sync with the Podfile.lock. Run 'pod install' or update your CocoaPods installation.\" >&2\n    exit 1\nfi\n# This output is used by Xcode 'outputs' to avoid re-running this script phase.\necho \"SUCCESS\" > \"${SCRIPT_OUTPUT_FILE_0}\"\n";
			showEnvVarsInLog = 0;
		};
		562CFB4E68359E6FA2E0301B /* [CP] Check Pods Manifest.lock */ = {
			isa = PBXShellScriptBuildPhase;
			buildActionMask = 2147483647;
			files = (
			);
			inputFileListPaths = (
			);
			inputPaths = (
				"${PODS_PODFILE_DIR_PATH}/Podfile.lock",
				"${PODS_ROOT}/Manifest.lock",
			);
			name = "[CP] Check Pods Manifest.lock";
			outputFileListPaths = (
			);
			outputPaths = (
				"$(DERIVED_FILE_DIR)/Pods-Shopify e-commerce-checkManifestLockResult.txt",
			);
			runOnlyForDeploymentPostprocessing = 0;
			shellPath = /bin/sh;
			shellScript = "diff \"${PODS_PODFILE_DIR_PATH}/Podfile.lock\" \"${PODS_ROOT}/Manifest.lock\" > /dev/null\nif [ $? != 0 ] ; then\n    # print error to STDERR\n    echo \"error: The sandbox is not in sync with the Podfile.lock. Run 'pod install' or update your CocoaPods installation.\" >&2\n    exit 1\nfi\n# This output is used by Xcode 'outputs' to avoid re-running this script phase.\necho \"SUCCESS\" > \"${SCRIPT_OUTPUT_FILE_0}\"\n";
			showEnvVarsInLog = 0;
		};
		794DB13AB92377B127C8A815 /* [CP] Embed Pods Frameworks */ = {
			isa = PBXShellScriptBuildPhase;
			buildActionMask = 2147483647;
			files = (
			);
			inputFileListPaths = (
				"${PODS_ROOT}/Target Support Files/Pods-Shopify e-commerce/Pods-Shopify e-commerce-frameworks-${CONFIGURATION}-input-files.xcfilelist",
			);
			name = "[CP] Embed Pods Frameworks";
			outputFileListPaths = (
				"${PODS_ROOT}/Target Support Files/Pods-Shopify e-commerce/Pods-Shopify e-commerce-frameworks-${CONFIGURATION}-output-files.xcfilelist",
			);
			runOnlyForDeploymentPostprocessing = 0;
			shellPath = /bin/sh;
			shellScript = "\"${PODS_ROOT}/Target Support Files/Pods-Shopify e-commerce/Pods-Shopify e-commerce-frameworks.sh\"\n";
			showEnvVarsInLog = 0;
		};
		EBFD4DD1BE37E670309693F4 /* [CP] Embed Pods Frameworks */ = {
			isa = PBXShellScriptBuildPhase;
			buildActionMask = 2147483647;
			files = (
			);
			inputFileListPaths = (
				"${PODS_ROOT}/Target Support Files/Pods-Shopify e-commerce-Shopify e-commerceUITests/Pods-Shopify e-commerce-Shopify e-commerceUITests-frameworks-${CONFIGURATION}-input-files.xcfilelist",
			);
			name = "[CP] Embed Pods Frameworks";
			outputFileListPaths = (
				"${PODS_ROOT}/Target Support Files/Pods-Shopify e-commerce-Shopify e-commerceUITests/Pods-Shopify e-commerce-Shopify e-commerceUITests-frameworks-${CONFIGURATION}-output-files.xcfilelist",
			);
			runOnlyForDeploymentPostprocessing = 0;
			shellPath = /bin/sh;
			shellScript = "\"${PODS_ROOT}/Target Support Files/Pods-Shopify e-commerce-Shopify e-commerceUITests/Pods-Shopify e-commerce-Shopify e-commerceUITests-frameworks.sh\"\n";
			showEnvVarsInLog = 0;
		};
/* End PBXShellScriptBuildPhase section */

/* Begin PBXSourcesBuildPhase section */
		C2A61CE2265633200047C648 /* Sources */ = {
			isa = PBXSourcesBuildPhase;
			buildActionMask = 2147483647;
			files = (
				436A2A1026745AD50044B5DA /* availableCouponTableViewCell.swift in Sources */,
				C2A8A2382667754D00D9CBBA /* SearchViewModel.swift in Sources */,
				C2A61D20265637530047C648 /* TargetType.swift in Sources */,
				ED00A30E265BC1D70017B055 /* MeViewController.swift in Sources */,
				43665B872679B8A30089B556 /* addressViewModel.swift in Sources */,
				0DF91A13267498F400E7D6B7 /* RightNavBarView.swift in Sources */,
				ED440F7D266301A400B31D23 /* UserData.swift in Sources */,
				C2E83A4D265CAA9000A2CD95 /* MainCategoryCollectionViewCell.swift in Sources */,
				C27423E7265AF11A002D304B /* ApplicationNetworking.swift in Sources */,
				C2E83A54265CE24500A2CD95 /* BaseViewModel.swift in Sources */,
				C2E83A59265CF13900A2CD95 /* SubCategoryCollectionViewCell.swift in Sources */,
				431C85A4266AF1C300CB6886 /* discountCode.swift in Sources */,
				436A29FD2672F82C0044B5DA /* receiptViewController.swift in Sources */,
				436A2A0D267409240044B5DA /* couponsStateCollectionViewCell.swift in Sources */,
				0D14F11C266C4B61006AD092 /* SizeCollectionViewCell.swift in Sources */,
				439BB317265E81FB001F1A1D /* productProtocol.swift in Sources */,
				43665B7F267998720089B556 /* addressViewController.swift in Sources */,
				C27423E7265AF11A002D304B /* ApplicationNetworking.swift in Sources */,
				0D0308DC2669373F00E56724 /* ProductDetailsViewModel.swift in Sources */,
				4366FD0B266C8890006E4D1B /* wishListCollectionViewCell.swift in Sources */,
				438DED8C265CCCCA002717CD /* shopViewController.swift in Sources */,
				438DED8F265CCD26002717CD /* shopViewModel.swift in Sources */,
				C25212FD267226C50028E57C /* MeAPIContracts.swift in Sources */,
				431C85AE266AF1FE00CB6886 /* shopCollectionViewCell.swift in Sources */,
				C2A61CEA265633200047C648 /* AppDelegate.swift in Sources */,
				EDAD3091266E77F600B9D247 /* AboutUsViewController.swift in Sources */,
				436913372671987400BA0632 /* mainCategoriesCollectionViewCell.swift in Sources */,
				C252D11626693ADD001691DB /* AllProductsModel.swift in Sources */,
				C2A61D252656378A0047C648 /* Utils.swift in Sources */,
				C2E83A56265CE28900A2CD95 /* ViewModelContracts.swift in Sources */,
				0D77D2F026677C7000FFA908 /* ColorViewCollectionViewCell.swift in Sources */,
				4366FD0D266C9F5E006E4D1B /* cartTableViewCell.swift in Sources */,
				C2A61D21265637530047C648 /* BaseAPI.swift in Sources */,
				C26EEFA3267A5283007522BC /* OrderViewController.swift in Sources */,
				ED53D1CE266BC954002E6083 /* MeViewModel.swift in Sources */,
				ED76EF7E2669C3B600F32C7B /* RegisterCustomer.swift in Sources */,
				C2E5E8F726738964005B41FD /* EditInfoViewModel.swift in Sources */,
				C26E7C2D26664714000CB417 /* BaseViewControllerContract.swift in Sources */,
				436A2A172674BB480044B5DA /* NotAvailableTableViewCell.swift in Sources */,
				C2A61CEC265633200047C648 /* SceneDelegate.swift in Sources */,
				C2A8A235266757E700D9CBBA /* SearchProductViewController.swift in Sources */,
				C27423E9265AF4FE002D304B /* ShopifyAPI.swift in Sources */,
				0D14F117266C4930006AD092 /* ImageCollectionViewCell.swift in Sources */,
				C244CB11267F6ED0006F67DF /* FavouriteTableViewCell.swift in Sources */,
				0D14F112266C47BC006AD092 /* ProductDetailsContracts.swift in Sources */,
				EDE5840126640D1800580942 /* RegisterViewController.swift in Sources */,
				0D3A83112678A2D300B65ACA /* ColorSizeViewController.swift in Sources */,
				C2E83A51265CE1A000A2CD95 /* CategoryViewModel.swift in Sources */,
				C26E7C29266625EE000CB417 /* ProductModels.swift in Sources */,
				0D9E50EA266CC14600017EE6 /* LocalManager.swift in Sources */,
				C20420EB265DB20600F4A70B /* ProductsCollectionViewCell.swift in Sources */,
				C2A61CF4265633200047C648 /* Shopify_e_commerce.xcdatamodeld in Sources */,
				43665B82267998960089B556 /* addAddressViewController.swift in Sources */,
				436A2A002672FAB60044B5DA /* receiptProductCollectionViewCell.swift in Sources */,
				C26E7C2B26662FB2000CB417 /* CategoryAPIContract.swift in Sources */,
				C2E83A48265C37E900A2CD95 /* CategoryViewController.swift in Sources */,
				4369132F266ECF7700BA0632 /* wishListViewModel.swift in Sources */,
				431C85AB266AF1FE00CB6886 /* CardViewController.swift in Sources */,
				439BB315265E6990001F1A1D /* AllProduct.swift in Sources */,
				C26EEF9F267A46EE007522BC /* OrderTableViewCell.swift in Sources */,
				C2A61CF4265633200047C648 /* Shopify_e_commerce.xcdatamodeld in Sources */,
				ED0D2A60266F49B5009A6026 /* EditIngViewController.swift in Sources */,
				43665B84267998C10089B556 /* addressTableViewCell.swift in Sources */,
				C2A61D262656378A0047C648 /* Constants.swift in Sources */,
				ED00A310265CB5970017B055 /* SettingsViewController.swift in Sources */,
				43691332266ECFAB00BA0632 /* cartViewModel.swift in Sources */,
				C26EEFA1267A5169007522BC /* SingleOrderTableViewCell.swift in Sources */,
				C25212FB26721A8C0028E57C /* RegisterViewModel.swift in Sources */,
				431C85AD266AF1FE00CB6886 /* wishListViewController.swift in Sources */,
				436A2A062673FD150044B5DA /* applyCouponsViewController.swift in Sources */,
				436A2A1426748E810044B5DA /* applyCouponViewModel.swift in Sources */,
				C234155C266BB68B00D2AB67 /* ProductDetailsModel.swift in Sources */,
				436A2A0426735E910044B5DA /* receiptViewModel.swift in Sources */,
				431C85AD266AF1FE00CB6886 /* wishListViewController.swift in Sources */,
				0D864DA6266565F5008474FE /* ProductDetailsTableViewController.swift in Sources */,
			);
			runOnlyForDeploymentPostprocessing = 0;
		};
		C2A61CFB265633230047C648 /* Sources */ = {
			isa = PBXSourcesBuildPhase;
			buildActionMask = 2147483647;
			files = (
				0DFFB919267DEE5E005054BA /* ProductDetailsTests.swift in Sources */,
				0DED0668267E913700D41982 /* MockProductDetailsAPI.swift in Sources */,
				0DED0666267E720400D41982 /* ProductDetailsVMTests.swift in Sources */,
				C2F83680267EA1C4008A6C7F /* MeViewModelTest.swift in Sources */,
				4363D53E267DC5C7003D39C5 /* wishList.swift in Sources */,
				4363D52D267D74ED003D39C5 /* shopProduct.swift in Sources */,
				4363D538267DB7D4003D39C5 /* address.swift in Sources */,
				C2A61D04265633230047C648 /* Shopify_e_commerceTests.swift in Sources */,
				C2F8367E267EA19A008A6C7F /* MochkingManager.swift in Sources */,
				C2F8367B267E8F3A008A6C7F /* MockCategoryAPI.swift in Sources */,
				C2F83676267E8AFE008A6C7F /* CategoriesTests.swift in Sources */,
				C2F83682267EA1F6008A6C7F /* LocalModelTest.swift in Sources */,
				4363D53C267DC1CB003D39C5 /* localObj.swift in Sources */,
				4363D53A267DBC43003D39C5 /* cart.swift in Sources */,
				4363D52B267D6D5E003D39C5 /* allProduct.swift in Sources */,
				4363D536267DA246003D39C5 /* shopProductExpection.swift in Sources */,
				C2F83684267EA23C008A6C7F /* RegisterScreenTest.swift in Sources */,
			);
			runOnlyForDeploymentPostprocessing = 0;
		};
		C2A61D06265633230047C648 /* Sources */ = {
			isa = PBXSourcesBuildPhase;
			buildActionMask = 2147483647;
			files = (
				C2A61D0F265633230047C648 /* Shopify_e_commerceUITests.swift in Sources */,
			);
			runOnlyForDeploymentPostprocessing = 0;
		};
/* End PBXSourcesBuildPhase section */

/* Begin PBXTargetDependency section */
		C2A61D01265633230047C648 /* PBXTargetDependency */ = {
			isa = PBXTargetDependency;
			target = C2A61CE5265633200047C648 /* ShopMe */;
			targetProxy = C2A61D00265633230047C648 /* PBXContainerItemProxy */;
		};
		C2A61D0C265633230047C648 /* PBXTargetDependency */ = {
			isa = PBXTargetDependency;
			target = C2A61CE5265633200047C648 /* ShopMe */;
			targetProxy = C2A61D0B265633230047C648 /* PBXContainerItemProxy */;
		};
/* End PBXTargetDependency section */

/* Begin PBXVariantGroup section */
		C2A61CF7265633220047C648 /* LaunchScreen.storyboard */ = {
			isa = PBXVariantGroup;
			children = (
				C2A61CF8265633220047C648 /* Base */,
			);
			name = LaunchScreen.storyboard;
			sourceTree = "<group>";
		};
/* End PBXVariantGroup section */

/* Begin XCBuildConfiguration section */
		C2A61D11265633230047C648 /* Debug */ = {
			isa = XCBuildConfiguration;
			buildSettings = {
				ALWAYS_SEARCH_USER_PATHS = NO;
				CLANG_ANALYZER_NONNULL = YES;
				CLANG_ANALYZER_NUMBER_OBJECT_CONVERSION = YES_AGGRESSIVE;
				CLANG_CXX_LANGUAGE_STANDARD = "gnu++14";
				CLANG_CXX_LIBRARY = "libc++";
				CLANG_ENABLE_MODULES = YES;
				CLANG_ENABLE_OBJC_ARC = YES;
				CLANG_ENABLE_OBJC_WEAK = YES;
				CLANG_WARN_BLOCK_CAPTURE_AUTORELEASING = YES;
				CLANG_WARN_BOOL_CONVERSION = YES;
				CLANG_WARN_COMMA = YES;
				CLANG_WARN_CONSTANT_CONVERSION = YES;
				CLANG_WARN_DEPRECATED_OBJC_IMPLEMENTATIONS = YES;
				CLANG_WARN_DIRECT_OBJC_ISA_USAGE = YES_ERROR;
				CLANG_WARN_DOCUMENTATION_COMMENTS = YES;
				CLANG_WARN_EMPTY_BODY = YES;
				CLANG_WARN_ENUM_CONVERSION = YES;
				CLANG_WARN_INFINITE_RECURSION = YES;
				CLANG_WARN_INT_CONVERSION = YES;
				CLANG_WARN_NON_LITERAL_NULL_CONVERSION = YES;
				CLANG_WARN_OBJC_IMPLICIT_RETAIN_SELF = YES;
				CLANG_WARN_OBJC_LITERAL_CONVERSION = YES;
				CLANG_WARN_OBJC_ROOT_CLASS = YES_ERROR;
				CLANG_WARN_RANGE_LOOP_ANALYSIS = YES;
				CLANG_WARN_STRICT_PROTOTYPES = YES;
				CLANG_WARN_SUSPICIOUS_MOVE = YES;
				CLANG_WARN_UNGUARDED_AVAILABILITY = YES_AGGRESSIVE;
				CLANG_WARN_UNREACHABLE_CODE = YES;
				CLANG_WARN__DUPLICATE_METHOD_MATCH = YES;
				COPY_PHASE_STRIP = NO;
				DEBUG_INFORMATION_FORMAT = dwarf;
				ENABLE_STRICT_OBJC_MSGSEND = YES;
				ENABLE_TESTABILITY = YES;
				GCC_C_LANGUAGE_STANDARD = gnu11;
				GCC_DYNAMIC_NO_PIC = NO;
				GCC_NO_COMMON_BLOCKS = YES;
				GCC_OPTIMIZATION_LEVEL = 0;
				GCC_PREPROCESSOR_DEFINITIONS = (
					"DEBUG=1",
					"$(inherited)",
				);
				GCC_WARN_64_TO_32_BIT_CONVERSION = YES;
				GCC_WARN_ABOUT_RETURN_TYPE = YES_ERROR;
				GCC_WARN_UNDECLARED_SELECTOR = YES;
				GCC_WARN_UNINITIALIZED_AUTOS = YES_AGGRESSIVE;
				GCC_WARN_UNUSED_FUNCTION = YES;
				GCC_WARN_UNUSED_VARIABLE = YES;
				IPHONEOS_DEPLOYMENT_TARGET = 13.4;
				MTL_ENABLE_DEBUG_INFO = INCLUDE_SOURCE;
				MTL_FAST_MATH = YES;
				ONLY_ACTIVE_ARCH = YES;
				SDKROOT = iphoneos;
				SWIFT_ACTIVE_COMPILATION_CONDITIONS = DEBUG;
				SWIFT_OPTIMIZATION_LEVEL = "-Onone";
				VALID_ARCHS = "$(ARCHS_STANDARD)";
			};
			name = Debug;
		};
		C2A61D12265633230047C648 /* Release */ = {
			isa = XCBuildConfiguration;
			buildSettings = {
				ALWAYS_SEARCH_USER_PATHS = NO;
				CLANG_ANALYZER_NONNULL = YES;
				CLANG_ANALYZER_NUMBER_OBJECT_CONVERSION = YES_AGGRESSIVE;
				CLANG_CXX_LANGUAGE_STANDARD = "gnu++14";
				CLANG_CXX_LIBRARY = "libc++";
				CLANG_ENABLE_MODULES = YES;
				CLANG_ENABLE_OBJC_ARC = YES;
				CLANG_ENABLE_OBJC_WEAK = YES;
				CLANG_WARN_BLOCK_CAPTURE_AUTORELEASING = YES;
				CLANG_WARN_BOOL_CONVERSION = YES;
				CLANG_WARN_COMMA = YES;
				CLANG_WARN_CONSTANT_CONVERSION = YES;
				CLANG_WARN_DEPRECATED_OBJC_IMPLEMENTATIONS = YES;
				CLANG_WARN_DIRECT_OBJC_ISA_USAGE = YES_ERROR;
				CLANG_WARN_DOCUMENTATION_COMMENTS = YES;
				CLANG_WARN_EMPTY_BODY = YES;
				CLANG_WARN_ENUM_CONVERSION = YES;
				CLANG_WARN_INFINITE_RECURSION = YES;
				CLANG_WARN_INT_CONVERSION = YES;
				CLANG_WARN_NON_LITERAL_NULL_CONVERSION = YES;
				CLANG_WARN_OBJC_IMPLICIT_RETAIN_SELF = YES;
				CLANG_WARN_OBJC_LITERAL_CONVERSION = YES;
				CLANG_WARN_OBJC_ROOT_CLASS = YES_ERROR;
				CLANG_WARN_RANGE_LOOP_ANALYSIS = YES;
				CLANG_WARN_STRICT_PROTOTYPES = YES;
				CLANG_WARN_SUSPICIOUS_MOVE = YES;
				CLANG_WARN_UNGUARDED_AVAILABILITY = YES_AGGRESSIVE;
				CLANG_WARN_UNREACHABLE_CODE = YES;
				CLANG_WARN__DUPLICATE_METHOD_MATCH = YES;
				COPY_PHASE_STRIP = NO;
				DEBUG_INFORMATION_FORMAT = "dwarf-with-dsym";
				ENABLE_NS_ASSERTIONS = NO;
				ENABLE_STRICT_OBJC_MSGSEND = YES;
				GCC_C_LANGUAGE_STANDARD = gnu11;
				GCC_NO_COMMON_BLOCKS = YES;
				GCC_WARN_64_TO_32_BIT_CONVERSION = YES;
				GCC_WARN_ABOUT_RETURN_TYPE = YES_ERROR;
				GCC_WARN_UNDECLARED_SELECTOR = YES;
				GCC_WARN_UNINITIALIZED_AUTOS = YES_AGGRESSIVE;
				GCC_WARN_UNUSED_FUNCTION = YES;
				GCC_WARN_UNUSED_VARIABLE = YES;
				IPHONEOS_DEPLOYMENT_TARGET = 13.4;
				MTL_ENABLE_DEBUG_INFO = NO;
				MTL_FAST_MATH = YES;
				SDKROOT = iphoneos;
				SWIFT_COMPILATION_MODE = wholemodule;
				SWIFT_OPTIMIZATION_LEVEL = "-O";
				VALIDATE_PRODUCT = YES;
				VALID_ARCHS = "$(ARCHS_STANDARD)";
			};
			name = Release;
		};
		C2A61D14265633230047C648 /* Debug */ = {
			isa = XCBuildConfiguration;
			baseConfigurationReference = 75F3E3DF8890876E25237F1B /* Pods-Shopify e-commerce.debug.xcconfig */;
			buildSettings = {
				ASSETCATALOG_COMPILER_APPICON_NAME = AppIcon;
				CODE_SIGN_STYLE = Automatic;
				"EXCLUDED_ARCHS[sdk=iphonesimulator*]" = "";
				INFOPLIST_FILE = "Shopify e-commerce/Info.plist";
				LD_RUNPATH_SEARCH_PATHS = (
					"$(inherited)",
					"@executable_path/Frameworks",
				);
				PRODUCT_BUNDLE_IDENTIFIER = ShopMe;
				PRODUCT_NAME = ShopMe;
				SWIFT_VERSION = 5.0;
				TARGETED_DEVICE_FAMILY = "1,2";
				VALID_ARCHS = "$(ARCHS_STANDARD)";
			};
			name = Debug;
		};
		C2A61D15265633230047C648 /* Release */ = {
			isa = XCBuildConfiguration;
			baseConfigurationReference = 3457CB85F7732A62091C709A /* Pods-Shopify e-commerce.release.xcconfig */;
			buildSettings = {
				ASSETCATALOG_COMPILER_APPICON_NAME = AppIcon;
				CODE_SIGN_STYLE = Automatic;
				"EXCLUDED_ARCHS[sdk=iphonesimulator*]" = "";
				INFOPLIST_FILE = "Shopify e-commerce/Info.plist";
				LD_RUNPATH_SEARCH_PATHS = (
					"$(inherited)",
					"@executable_path/Frameworks",
				);
				PRODUCT_BUNDLE_IDENTIFIER = ShopMe;
				PRODUCT_NAME = ShopMe;
				SWIFT_VERSION = 5.0;
				TARGETED_DEVICE_FAMILY = "1,2";
				VALID_ARCHS = "$(ARCHS_STANDARD)";
			};
			name = Release;
		};
		C2A61D17265633230047C648 /* Debug */ = {
			isa = XCBuildConfiguration;
			baseConfigurationReference = DFDB3EF6BD4C89226F7669A9 /* Pods-Shopify e-commerceTests.debug.xcconfig */;
			buildSettings = {
				ALWAYS_EMBED_SWIFT_STANDARD_LIBRARIES = YES;
				BUNDLE_LOADER = "$(TEST_HOST)";
				CODE_SIGN_STYLE = Automatic;
				"EXCLUDED_ARCHS[sdk=iphonesimulator*]" = "";
				INFOPLIST_FILE = "Shopify e-commerceTests/Info.plist";
				IPHONEOS_DEPLOYMENT_TARGET = 13.4;
				LD_RUNPATH_SEARCH_PATHS = (
					"$(inherited)",
					"@executable_path/Frameworks",
					"@loader_path/Frameworks",
				);
				PRODUCT_BUNDLE_IDENTIFIER = "iti41-grad.Shopify-e-commerceTests";
				PRODUCT_NAME = "$(TARGET_NAME)";
				SWIFT_VERSION = 5.0;
				TARGETED_DEVICE_FAMILY = "1,2";
				TEST_HOST = "$(BUILT_PRODUCTS_DIR)/ShopMe.app/ShopMe";
			};
			name = Debug;
		};
		C2A61D18265633230047C648 /* Release */ = {
			isa = XCBuildConfiguration;
			baseConfigurationReference = A8112662291EF598DB424409 /* Pods-Shopify e-commerceTests.release.xcconfig */;
			buildSettings = {
				ALWAYS_EMBED_SWIFT_STANDARD_LIBRARIES = YES;
				BUNDLE_LOADER = "$(TEST_HOST)";
				CODE_SIGN_STYLE = Automatic;
				"EXCLUDED_ARCHS[sdk=iphonesimulator*]" = "";
				INFOPLIST_FILE = "Shopify e-commerceTests/Info.plist";
				IPHONEOS_DEPLOYMENT_TARGET = 13.4;
				LD_RUNPATH_SEARCH_PATHS = (
					"$(inherited)",
					"@executable_path/Frameworks",
					"@loader_path/Frameworks",
				);
				PRODUCT_BUNDLE_IDENTIFIER = "iti41-grad.Shopify-e-commerceTests";
				PRODUCT_NAME = "$(TARGET_NAME)";
				SWIFT_VERSION = 5.0;
				TARGETED_DEVICE_FAMILY = "1,2";
				TEST_HOST = "$(BUILT_PRODUCTS_DIR)/ShopMe.app/ShopMe";
			};
			name = Release;
		};
		C2A61D1A265633230047C648 /* Debug */ = {
			isa = XCBuildConfiguration;
			baseConfigurationReference = 5C1C9C721B44EBE92F25D14D /* Pods-Shopify e-commerce-Shopify e-commerceUITests.debug.xcconfig */;
			buildSettings = {
				ALWAYS_EMBED_SWIFT_STANDARD_LIBRARIES = YES;
				CODE_SIGN_STYLE = Automatic;
				"EXCLUDED_ARCHS[sdk=iphonesimulator*]" = "";
				INFOPLIST_FILE = "Shopify e-commerceUITests/Info.plist";
				LD_RUNPATH_SEARCH_PATHS = (
					"$(inherited)",
					"@executable_path/Frameworks",
					"@loader_path/Frameworks",
				);
				PRODUCT_BUNDLE_IDENTIFIER = "iti41-grad.Shopify-e-commerceUITests";
				PRODUCT_NAME = "$(TARGET_NAME)";
				SWIFT_VERSION = 5.0;
				TARGETED_DEVICE_FAMILY = "1,2";
				TEST_TARGET_NAME = "Shopify e-commerce";
			};
			name = Debug;
		};
		C2A61D1B265633230047C648 /* Release */ = {
			isa = XCBuildConfiguration;
			baseConfigurationReference = 623902944C6B8846FCC3A3AB /* Pods-Shopify e-commerce-Shopify e-commerceUITests.release.xcconfig */;
			buildSettings = {
				ALWAYS_EMBED_SWIFT_STANDARD_LIBRARIES = YES;
				CODE_SIGN_STYLE = Automatic;
				"EXCLUDED_ARCHS[sdk=iphonesimulator*]" = "";
				INFOPLIST_FILE = "Shopify e-commerceUITests/Info.plist";
				LD_RUNPATH_SEARCH_PATHS = (
					"$(inherited)",
					"@executable_path/Frameworks",
					"@loader_path/Frameworks",
				);
				PRODUCT_BUNDLE_IDENTIFIER = "iti41-grad.Shopify-e-commerceUITests";
				PRODUCT_NAME = "$(TARGET_NAME)";
				SWIFT_VERSION = 5.0;
				TARGETED_DEVICE_FAMILY = "1,2";
				TEST_TARGET_NAME = "Shopify e-commerce";
			};
			name = Release;
		};
/* End XCBuildConfiguration section */

/* Begin XCConfigurationList section */
		C2A61CE1265633200047C648 /* Build configuration list for PBXProject "ShopMe" */ = {
			isa = XCConfigurationList;
			buildConfigurations = (
				C2A61D11265633230047C648 /* Debug */,
				C2A61D12265633230047C648 /* Release */,
			);
			defaultConfigurationIsVisible = 0;
			defaultConfigurationName = Release;
		};
		C2A61D13265633230047C648 /* Build configuration list for PBXNativeTarget "ShopMe" */ = {
			isa = XCConfigurationList;
			buildConfigurations = (
				C2A61D14265633230047C648 /* Debug */,
				C2A61D15265633230047C648 /* Release */,
			);
			defaultConfigurationIsVisible = 0;
			defaultConfigurationName = Release;
		};
		C2A61D16265633230047C648 /* Build configuration list for PBXNativeTarget "ShopMeTests" */ = {
			isa = XCConfigurationList;
			buildConfigurations = (
				C2A61D17265633230047C648 /* Debug */,
				C2A61D18265633230047C648 /* Release */,
			);
			defaultConfigurationIsVisible = 0;
			defaultConfigurationName = Release;
		};
		C2A61D19265633230047C648 /* Build configuration list for PBXNativeTarget "ShopMeUITests" */ = {
			isa = XCConfigurationList;
			buildConfigurations = (
				C2A61D1A265633230047C648 /* Debug */,
				C2A61D1B265633230047C648 /* Release */,
			);
			defaultConfigurationIsVisible = 0;
			defaultConfigurationName = Release;
		};
/* End XCConfigurationList section */

/* Begin XCVersionGroup section */
		C2A61CF2265633200047C648 /* Shopify_e_commerce.xcdatamodeld */ = {
			isa = XCVersionGroup;
			children = (
				C2A61CF3265633200047C648 /* Shopify_e_commerce.xcdatamodel */,
			);
			currentVersion = C2A61CF3265633200047C648 /* Shopify_e_commerce.xcdatamodel */;
			path = Shopify_e_commerce.xcdatamodeld;
			sourceTree = "<group>";
			versionGroupType = wrapper.xcdatamodel;
		};
/* End XCVersionGroup section */
	};
	rootObject = C2A61CDE265633200047C648 /* Project object */;
}
